{
  "version": "4",
  "specifiers": {
    "jsr:@david/code-block-writer@^13.0.2": "13.0.3",
    "jsr:@deno/cache-dir@~0.10.3": "0.10.3",
    "jsr:@deno/dnt@0.41.3": "0.41.3",
    "jsr:@std/assert@0.223": "0.223.0",
    "jsr:@std/assert@0.226": "0.226.0",
    "jsr:@std/assert@^1.0.10": "1.0.10",
    "jsr:@std/bytes@0.223": "0.223.0",
    "jsr:@std/fmt@0.223": "0.223.0",
    "jsr:@std/fmt@1": "1.0.5",
    "jsr:@std/fmt@^1.0.5": "1.0.5",
    "jsr:@std/fs@0.223": "0.223.0",
    "jsr:@std/fs@1": "1.0.11",
    "jsr:@std/fs@^1.0.11": "1.0.11",
    "jsr:@std/fs@~0.229.3": "0.229.3",
    "jsr:@std/internal@^1.0.5": "1.0.5",
    "jsr:@std/io@0.223": "0.223.0",
    "jsr:@std/io@~0.225.2": "0.225.2",
    "jsr:@std/log@~0.224.6": "0.224.14",
    "jsr:@std/path@0.223": "0.223.0",
    "jsr:@std/path@1": "1.0.8",
    "jsr:@std/path@1.0.0-rc.1": "1.0.0-rc.1",
    "jsr:@std/path@1.0.6": "1.0.6",
    "jsr:@std/path@^1.0.8": "1.0.8",
    "jsr:@std/path@~0.225.2": "0.225.2",
    "jsr:@std/yaml@0.215.0": "0.215.0",
    "jsr:@ts-morph/bootstrap@0.24": "0.24.0",
    "jsr:@ts-morph/common@0.24": "0.24.0",
    "npm:@apiture/openapi-down-convert@0.14.0": "0.14.0",
    "npm:@asteasolutions/zod-to-openapi@^7.3.0": "7.3.0_zod@3.24.1",
    "npm:@babel/helper-validator-identifier@7.22.20": "7.22.20",
    "npm:@google/generative-ai@0.21": "0.21.0",
    "npm:@hono/zod-openapi@~0.18.4": "0.18.4_hono@4.7.2_zod@3.24.1",
    "npm:@sentry/deno@8.47.0": "8.47.0",
    "npm:@sentry/deno@^8.47.0": "8.47.0",
    "npm:@types/babel__helper-validator-identifier@7.15.2": "7.15.2",
    "npm:@types/lodash-es@4.17.12": "4.17.12",
    "npm:@types/swagger2openapi@7.0.4": "7.0.4",
    "npm:hono@4.7.2": "4.7.2",
    "npm:lodash-es@4.17.21": "4.17.21",
    "npm:openapi-types@12.1.3": "12.1.3",
    "npm:tiny-invariant@1.3.3": "1.3.3",
    "npm:ts-pattern@5.6.0": "5.6.0",
    "npm:zod-to-json-schema@3.24.1": "3.24.1_zod@3.24.1",
    "npm:zod-to-json-schema@^3.24.1": "3.24.1_zod@3.24.1",
    "npm:zod@3.24.1": "3.24.1",
    "npm:zod@^3.24.1": "3.24.1"
  },
  "jsr": {
    "@david/code-block-writer@13.0.3": {
      "integrity": "f98c77d320f5957899a61bfb7a9bead7c6d83ad1515daee92dbacc861e13bb7f"
    },
    "@deno/cache-dir@0.10.3": {
      "integrity": "eb022f84ecc49c91d9d98131c6e6b118ff63a29e343624d058646b9d50404776",
      "dependencies": [
        "jsr:@std/fmt@0.223",
        "jsr:@std/fs@0.223",
        "jsr:@std/io@0.223",
        "jsr:@std/path@0.223"
      ]
    },
    "@deno/dnt@0.41.3": {
      "integrity": "b2ef2c8a5111eef86cb5bfcae103d6a2938e8e649e2461634a7befb7fc59d6d2",
      "dependencies": [
        "jsr:@david/code-block-writer",
        "jsr:@deno/cache-dir",
        "jsr:@std/fmt@1",
        "jsr:@std/fs@1",
        "jsr:@std/path@1",
        "jsr:@ts-morph/bootstrap"
      ]
    },
    "@std/assert@0.223.0": {
      "integrity": "eb8d6d879d76e1cc431205bd346ed4d88dc051c6366365b1af47034b0670be24"
    },
    "@std/assert@0.226.0": {
      "integrity": "0dfb5f7c7723c18cec118e080fec76ce15b4c31154b15ad2bd74822603ef75b3"
    },
    "@std/assert@1.0.10": {
      "integrity": "59b5cbac5bd55459a19045d95cc7c2ff787b4f8527c0dd195078ff6f9481fbb3",
      "dependencies": [
        "jsr:@std/internal"
      ]
    },
    "@std/bytes@0.223.0": {
      "integrity": "84b75052cd8680942c397c2631318772b295019098f40aac5c36cead4cba51a8"
    },
    "@std/fmt@0.223.0": {
      "integrity": "6deb37794127dfc7d7bded2586b9fc6f5d50e62a8134846608baf71ffc1a5208"
    },
    "@std/fmt@1.0.5": {
      "integrity": "0cfab43364bc36650d83c425cd6d99910fc20c4576631149f0f987eddede1a4d"
    },
    "@std/fs@0.223.0": {
      "integrity": "3b4b0550b2c524cbaaa5a9170c90e96cbb7354e837ad1bdaf15fc9df1ae9c31c"
    },
    "@std/fs@0.229.3": {
      "integrity": "783bca21f24da92e04c3893c9e79653227ab016c48e96b3078377ebd5222e6eb",
      "dependencies": [
        "jsr:@std/path@1.0.0-rc.1"
      ]
    },
    "@std/fs@1.0.11": {
      "integrity": "ba674672693340c5ebdd018b4fe1af46cb08741f42b4c538154e97d217b55bdd",
      "dependencies": [
        "jsr:@std/path@^1.0.8"
      ]
    },
    "@std/internal@1.0.5": {
      "integrity": "54a546004f769c1ac9e025abd15a76b6671ddc9687e2313b67376125650dc7ba"
    },
    "@std/io@0.223.0": {
      "integrity": "2d8c3c2ab3a515619b90da2c6ff5ea7b75a94383259ef4d02116b228393f84f1",
      "dependencies": [
        "jsr:@std/assert@0.223",
        "jsr:@std/bytes"
      ]
    },
    "@std/io@0.225.2": {
      "integrity": "3c740cd4ee4c082e6cfc86458f47e2ab7cb353dc6234d5e9b1f91a2de5f4d6c7"
    },
    "@std/log@0.224.14": {
      "integrity": "257f7adceee3b53bb2bc86c7242e7d1bc59729e57d4981c4a7e5b876c808f05e",
      "dependencies": [
        "jsr:@std/fmt@^1.0.5",
        "jsr:@std/fs@^1.0.11",
        "jsr:@std/io@~0.225.2"
      ]
    },
    "@std/path@0.223.0": {
      "integrity": "593963402d7e6597f5a6e620931661053572c982fc014000459edc1f93cc3989",
      "dependencies": [
        "jsr:@std/assert@0.223"
      ]
    },
    "@std/path@0.225.2": {
      "integrity": "0f2db41d36b50ef048dcb0399aac720a5348638dd3cb5bf80685bf2a745aa506",
      "dependencies": [
        "jsr:@std/assert@0.226"
      ]
    },
    "@std/path@1.0.0-rc.1": {
      "integrity": "b8c00ae2f19106a6bb7cbf1ab9be52aa70de1605daeb2dbdc4f87a7cbaf10ff6"
    },
    "@std/path@1.0.6": {
      "integrity": "ab2c55f902b380cf28e0eec501b4906e4c1960d13f00e11cfbcd21de15f18fed"
    },
    "@std/path@1.0.8": {
      "integrity": "548fa456bb6a04d3c1a1e7477986b6cffbce95102d0bb447c67c4ee70e0364be"
    },
    "@std/yaml@0.215.0": {
      "integrity": "e0677db8ba9bef4fab6242dbd0a85785e2f8f2b973c60d976ddb46daaa8226e8"
    },
    "@ts-morph/bootstrap@0.24.0": {
      "integrity": "a826a2ef7fa8a7c3f1042df2c034d20744d94da2ee32bf29275bcd4dffd3c060",
      "dependencies": [
        "jsr:@ts-morph/common"
      ]
    },
    "@ts-morph/common@0.24.0": {
      "integrity": "12b625b8e562446ba658cdbe9ad77774b4bd96b992ae8bd34c60dbf24d06c1f3",
      "dependencies": [
        "jsr:@std/fs@~0.229.3",
        "jsr:@std/path@~0.225.2"
      ]
    }
  },
  "npm": {
    "@apiture/openapi-down-convert@0.14.0": {
      "integrity": "sha512-rfK+T1+Jd+j/blzKbiQQc68a8dNUtn1FD3Edf0m7wm8bX4tzpVRGp3D0UpwH4EWHNYqLA/NMlNS8QAOBF17rVQ==",
      "dependencies": [
        "commander",
        "js-yaml",
        "typescript"
      ]
    },
    "@asteasolutions/zod-to-openapi@7.3.0_zod@3.24.1": {
      "integrity": "sha512-7tE/r1gXwMIvGnXVUdIqUhCU1RevEFC4Jk6Bussa0fk1ecbnnINkZzj1EOAJyE/M3AI25DnHT/zKQL1/FPFi8Q==",
      "dependencies": [
        "openapi3-ts",
        "zod"
      ]
    },
    "@babel/helper-validator-identifier@7.22.20": {
      "integrity": "sha512-Y4OZ+ytlatR8AI+8KZfKuL5urKp7qey08ha31L8b3BwewJAoJamTzyvxPR/5D+KkdJCGPq/+8TukHBlY10FX9A=="
    },
    "@google/generative-ai@0.21.0": {
      "integrity": "sha512-7XhUbtnlkSEZK15kN3t+tzIMxsbKm/dSkKBFalj+20NvPKe1kBY7mR2P7vuijEn+f06z5+A8bVGKO0v39cr6Wg=="
    },
    "@hono/zod-openapi@0.18.4_hono@4.7.2_zod@3.24.1": {
      "integrity": "sha512-6NHMHU96Hh32B1yDhb94Z4Z5/POsmEu2AXpWLWcBq9arskRnOMt2752yEoXoADV8WUAc7H1IkNaQHGj1ytXbYw==",
      "dependencies": [
        "@asteasolutions/zod-to-openapi",
        "@hono/zod-validator",
        "hono",
        "zod"
      ]
    },
    "@hono/zod-validator@0.4.3_hono@4.7.2_zod@3.24.1": {
      "integrity": "sha512-xIgMYXDyJ4Hj6ekm9T9Y27s080Nl9NXHcJkOvkXPhubOLj8hZkOL8pDnnXfvCf5xEE8Q4oMFenQUZZREUY2gqQ==",
      "dependencies": [
        "hono",
        "zod"
      ]
    },
    "@sentry/core@8.47.0": {
      "integrity": "sha512-iSEJZMe3DOcqBFZQAqgA3NB2lCWBc4Gv5x/SCri/TVg96wAlss4VrUunSI2Mp0J4jJ5nJcJ2ChqHSBAU48k3FA=="
    },
    "@sentry/deno@8.47.0": {
      "integrity": "sha512-zulDCXy1vya5FgxFi2PVcFjhfKLDOueTJTCg6hoxCvkkjfGfdBYkTE6d/m5Olx+fS9Bx0F3UwyQ6h63wy9xmtQ==",
      "dependencies": [
        "@sentry/core"
      ]
    },
    "@types/babel__helper-validator-identifier@7.15.2": {
      "integrity": "sha512-l3dkwCt890NFhMwPKXbxsWXC0Por0/+KaFIiQP1j38/vWSH2P3Tn6m+IuJHkx2SBI3VLFqincFe9JtBk2NFHOw=="
    },
    "@types/lodash-es@4.17.12": {
      "integrity": "sha512-0NgftHUcV4v34VhXm8QBSftKVXtbkBG3ViCjs6+eJ5a6y6Mi/jiFGPc1sC7QK+9BFhWrURE3EOggmWaSxL9OzQ==",
      "dependencies": [
        "@types/lodash"
      ]
    },
    "@types/lodash@4.17.15": {
      "integrity": "sha512-w/P33JFeySuhN6JLkysYUK2gEmy9kHHFN7E8ro0tkfmlDOgxBDzWEZ/J8cWA+fHqFevpswDTFZnDx+R9lbL6xw=="
    },
    "@types/node@22.5.4": {
      "integrity": "sha512-FDuKUJQm/ju9fT/SeX/6+gBzoPzlVCzfzmGkwKvRHQVxi4BntVbyIwf6a4Xn62mrvndLiml6z/UBXIdEVjQLXg==",
      "dependencies": [
        "undici-types"
      ]
    },
    "@types/swagger2openapi@7.0.4": {
      "integrity": "sha512-ffMqzciTDihOKH4Q//9Ond1yb5JP1P5FC/aFPsLK4blea1Fwk2aYctiNCkAh5etDYFswFXS+5LV/vuGkf+PU6A==",
      "dependencies": [
        "@types/node",
        "openapi-types"
      ]
    },
    "argparse@2.0.1": {
      "integrity": "sha512-8+9WqebbFzpX9OR+Wa6O29asIogeRMzcGtAINdpMHHyAg10f05aSFVBbcEqGf/PXw1EjAZ+q2/bEBg3DvurK3Q=="
    },
    "commander@9.5.0": {
      "integrity": "sha512-KRs7WVDKg86PWiuAqhDrAQnTXZKraVcCc6vFdL14qrZ/DcWwuRo7VoiYXalXO7S5GKpqYiVEwCbgFDfxNHKJBQ=="
    },
    "hono@4.7.2": {
      "integrity": "sha512-8V5XxoOF6SI12jkHkzX/6aLBMU5GEF5g387EjVSQipS0DlxWgWGSMeEayY3CRBjtTUQYwLHx9JYouWqKzy2Vng=="
    },
    "js-yaml@4.1.0": {
      "integrity": "sha512-wpxZs9NoxZaJESJGIZTyDEaYpl0FKSA+FB9aJiyemKhMwkxQg63h4T1KJgUGHpTqPDNRcmmYLugrRjJlBtWvRA==",
      "dependencies": [
        "argparse"
      ]
    },
    "lodash-es@4.17.21": {
      "integrity": "sha512-mKnC+QJ9pWVzv+C4/U3rRsHapFfHvQFoFB92e52xeyGMcX6/OlIl78je1u8vePzYZSkkogMPJ2yjxxsb89cxyw=="
    },
    "openapi-types@12.1.3": {
      "integrity": "sha512-N4YtSYJqghVu4iek2ZUvcN/0aqH1kRDuNqzcycDxhOUpg7GdvLa2F3DgS6yBNhInhv2r/6I0Flkn7CqL8+nIcw=="
    },
    "openapi3-ts@4.4.0": {
      "integrity": "sha512-9asTNB9IkKEzWMcHmVZE7Ts3kC9G7AFHfs8i7caD8HbI76gEjdkId4z/AkP83xdZsH7PLAnnbl47qZkXuxpArw==",
      "dependencies": [
        "yaml"
      ]
    },
    "tiny-invariant@1.3.3": {
      "integrity": "sha512-+FbBPE1o9QAYvviau/qC5SE3caw21q3xkvWKBtja5vgqOWIHHJ3ioaq1VPfn/Szqctz2bU/oYeKd9/z5BL+PVg=="
    },
    "ts-pattern@5.6.0": {
      "integrity": "sha512-SL8u60X5+LoEy9tmQHWCdPc2hhb2pKI6I1tU5Jue3v8+iRqZdcT3mWPwKKJy1fMfky6uha82c8ByHAE8PMhKHw=="
    },
    "typescript@4.9.5": {
      "integrity": "sha512-1FXk9E2Hm+QzZQ7z+McJiHL4NW1F2EzMu9Nq9i3zAaGqibafqYwCVU6WyWAuyQRRzOlxou8xZSyXLEN8oKj24g=="
    },
    "undici-types@6.19.8": {
      "integrity": "sha512-ve2KP6f/JnbPBFyobGHuerC9g1FYGn/F8n1LWTwNxCEzd6IfqTwUQcNXgEtmmQ6DlRrC1hrSrBnCZPokRrDHjw=="
    },
    "yaml@2.7.0": {
      "integrity": "sha512-+hSoy/QHluxmC9kCIJyL/uyFmLmc+e5CFR5Wa+bpIhIj85LVb9ZH2nVnqrHoSvKogwODv0ClqZkmiSSaIH5LTA=="
    },
    "zod-to-json-schema@3.24.1_zod@3.24.1": {
      "integrity": "sha512-3h08nf3Vw3Wl3PK+q3ow/lIil81IT2Oa7YpQyUUDsEWbXveMesdfK1xBd2RhCkynwZndAxixji/7SYJJowr62w==",
      "dependencies": [
        "zod"
      ]
    },
    "zod@3.24.1": {
      "integrity": "sha512-muH7gBL9sI1nciMZV67X5fTKKBLtwpZ5VBp1vsOQzj1MhrBZ4wlVCm3gedKZWLp0Oyel8sIGfeiz54Su+OVT+A=="
    }
  },
  "workspace": {
    "dependencies": [
      "jsr:@cliffy/command@1.0.0-rc.4",
      "jsr:@cliffy/prompt@1.0.0-rc.4",
      "jsr:@deno/dnt@0.41.3",
      "jsr:@std/assert@1.0.10",
      "jsr:@std/fs@1.0.3",
      "jsr:@std/log@0.224.6",
      "jsr:@std/path@1.0.6",
      "jsr:@std/testing@1.0.8",
      "jsr:@std/yaml@1.0.5",
      "npm:@babel/helper-validator-identifier@7.22.20",
      "npm:@hono/zod-openapi@~0.18.4",
      "npm:@sentry/deno@8.47.0",
      "npm:hono@4.7.2",
      "npm:lodash-es@4.17.21",
      "npm:openapi-types@12.1.3",
      "npm:tiny-invariant@1.3.3",
      "npm:ts-pattern@5.6.0",
      "npm:zod-to-json-schema@^3.24.1",
      "npm:zod@^3.24.1"
    ],
    "members": {
      "core": {
        "dependencies": [
          "jsr:@std/assert@^1.0.10",
          "jsr:@std/testing@^1.0.8",
          "npm:@google/generative-ai@0.21",
          "npm:@sentry/deno@8.47.0",
          "npm:@types/lodash-es@4.17.12",
          "npm:lodash-es@4.17.21",
          "npm:openapi-types@12.1.3"
        ]
      },
      "server": {
        "dependencies": [
          "jsr:@skmtc/core@^0.0.578",
          "npm:@asteasolutions/zod-to-openapi@^7.3.0",
          "npm:@hono/zod-openapi@~0.18.4",
          "npm:@sentry/deno@^8.47.0"
        ]
      }
    }
  }
}
