{
  "version": "5",
  "specifiers": {
    "jsr:@cliffy/command@1.1.0": "1.1.0",
    "jsr:@cliffy/flags@1.1.0": "1.1.0",
    "jsr:@cliffy/internal@1.1.0": "1.1.0",
    "jsr:@cliffy/table@1.1.0": "1.1.0",
    "jsr:@david/code-block-writer@^13.0.3": "13.0.3",
    "jsr:@deno/dnt@0.42.3": "0.42.3",
    "jsr:@std/assert@^1.0.10": "1.0.19",
    "jsr:@std/assert@^1.0.19": "1.0.19",
    "jsr:@std/cli@1": "1.0.29",
    "jsr:@std/fmt@1": "1.0.10",
    "jsr:@std/fmt@^1.0.5": "1.0.10",
    "jsr:@std/fmt@^1.0.9": "1.0.10",
    "jsr:@std/fs@1": "1.0.24",
    "jsr:@std/fs@^1.0.11": "1.0.24",
    "jsr:@std/fs@^1.0.7": "1.0.24",
    "jsr:@std/internal@^1.0.12": "1.0.14",
    "jsr:@std/internal@^1.0.14": "1.0.14",
    "jsr:@std/io@~0.225.2": "0.225.3",
    "jsr:@std/log@0.224": "0.224.14",
    "jsr:@std/log@~0.224.6": "0.224.14",
    "jsr:@std/path@1": "1.1.5",
    "jsr:@std/path@^1.0.9": "1.1.5",
    "jsr:@std/path@^1.1.5": "1.1.5",
    "jsr:@std/semver@^1.0.5": "1.0.8",
    "jsr:@std/testing@^1.0.15": "1.0.18",
    "jsr:@std/text@^1.0.17": "1.0.19",
    "jsr:@std/yaml@^1.0.5": "1.1.1",
    "jsr:@std/yaml@^1.1.0": "1.1.1",
    "jsr:@ts-morph/bootstrap@0.27": "0.27.0",
    "jsr:@ts-morph/common@0.27": "0.27.0",
    "npm:@babel/helper-validator-identifier@7.27.1": "7.27.1",
    "npm:@inkjs/ui@2": "2.0.0_ink@6.8.0__@types+react@19.2.14__react@19.2.6_@types+react@19.2.14",
    "npm:@modelcontextprotocol/sdk@^1.29.0": "1.29.0_zod@4.4.3",
    "npm:@types/babel__helper-validator-identifier@7.15.2": "7.15.2",
    "npm:@types/lodash-es@4.17.12": "4.17.12",
    "npm:@types/react@19": "19.2.14",
    "npm:ajv-draft-04@1": "1.0.0_ajv@8.20.0",
    "npm:ajv-formats@^3.0.1": "3.0.1_ajv@8.20.0",
    "npm:ajv@^8.17.1": "8.20.0",
    "npm:chokidar@^4.0.3": "4.0.3",
    "npm:gpt-tokenizer@^3.2.0": "3.4.0",
    "npm:graphql@^16.9.0": "16.14.0",
    "npm:hono@4.7.2": "4.7.2",
    "npm:ignore@7.0.5": "7.0.5",
    "npm:ignore@^7.0.5": "7.0.5",
    "npm:ink-link@5": "5.0.0_ink@6.8.0__@types+react@19.2.14__react@19.2.6_@types+react@19.2.14",
    "npm:ink-select-input@^6.2.0": "6.2.0_ink@6.8.0__@types+react@19.2.14__react@19.2.6_react@19.2.6_@types+react@19.2.14",
    "npm:ink-testing-library@4": "4.0.0_@types+react@19.2.14",
    "npm:ink@^6.2.3": "6.8.0_@types+react@19.2.14_react@19.2.6",
    "npm:lodash-es@4.17.21": "4.17.21",
    "npm:openapi-types@^12.1.3": "12.1.3",
    "npm:oxc-parser@0.41.0": "0.41.0",
    "npm:prettier@3.3.3": "3.3.3",
    "npm:react@^19.1.1": "19.2.6",
    "npm:tiny-invariant@1.3.3": "1.3.3",
    "npm:ts-pattern@^5.6.2": "5.9.0",
    "npm:typescript@5.6.3": "5.6.3",
    "npm:valibot@1.1.0": "1.1.0_typescript@5.6.3",
    "npm:zod@^4.0.14": "4.4.3"
  },
  "jsr": {
    "@cliffy/command@1.1.0": {
      "integrity": "963019e2aa13272195b79256a7d8e0f2c60ba8c1b733e023f0aa241b4de87bf7",
      "dependencies": [
        "jsr:@cliffy/flags",
        "jsr:@cliffy/internal",
        "jsr:@cliffy/table",
        "jsr:@std/fmt@^1.0.9",
        "jsr:@std/text"
      ]
    },
    "@cliffy/flags@1.1.0": {
      "integrity": "da161133ea19997d42ae5833226485a8e7598cf82b86d7c1a2ea10e974ecf21c",
      "dependencies": [
        "jsr:@cliffy/internal",
        "jsr:@std/text"
      ]
    },
    "@cliffy/internal@1.1.0": {
      "integrity": "433dd7755680d0da6b0a6186694327f6fd8e80807be314cf4bb06270bab28023"
    },
    "@cliffy/table@1.1.0": {
      "integrity": "6579680c9900628ccd0e05272e89ae483391d74a4f1dfe7c55c919e8a7320bcd",
      "dependencies": [
        "jsr:@std/fmt@^1.0.9"
      ]
    },
    "@david/code-block-writer@13.0.3": {
      "integrity": "f98c77d320f5957899a61bfb7a9bead7c6d83ad1515daee92dbacc861e13bb7f"
    },
    "@deno/dnt@0.42.3": {
      "integrity": "62a917a0492f3c8af002dce90605bb0d41f7d29debc06aca40dba72ab65d8ae3",
      "dependencies": [
        "jsr:@david/code-block-writer",
        "jsr:@std/fmt@1",
        "jsr:@std/fs@1",
        "jsr:@std/path@1",
        "jsr:@ts-morph/bootstrap"
      ]
    },
    "@std/assert@1.0.19": {
      "integrity": "eaada96ee120cb980bc47e040f82814d786fe8162ecc53c91d8df60b8755991e",
      "dependencies": [
        "jsr:@std/internal@^1.0.12"
      ]
    },
    "@std/cli@1.0.29": {
      "integrity": "fa4ef29130baa834d8a13b7d138240c3a2fcfba740bfb7afa646a360a15ec84f"
    },
    "@std/fmt@1.0.10": {
      "integrity": "90dfba288802ac6de82fb31d0917eb9e4450b9925b954d5e51fc29ac07419db5"
    },
    "@std/fs@1.0.24": {
      "integrity": "f3061b45b81673a2bece689da041df32d174be064c89eb6397fb5718d3fb7877",
      "dependencies": [
        "jsr:@std/internal@^1.0.14",
        "jsr:@std/path@^1.1.5"
      ]
    },
    "@std/internal@1.0.14": {
      "integrity": "291516b3d4c35024d6ffbc0a9df5bf4c64116e05b50012cf846710152d2ffdf7"
    },
    "@std/io@0.225.3": {
      "integrity": "27b07b591384d12d7b568f39e61dff966b8230559122df1e9fd11cc068f7ddd1"
    },
    "@std/log@0.224.14": {
      "integrity": "257f7adceee3b53bb2bc86c7242e7d1bc59729e57d4981c4a7e5b876c808f05e",
      "dependencies": [
        "jsr:@std/fmt@^1.0.5",
        "jsr:@std/fs@^1.0.11",
        "jsr:@std/io"
      ]
    },
    "@std/path@1.1.5": {
      "integrity": "ccea00982ea28c36becaf6e62f855406c76a8c32d462f66f415bbb7d83a271bc",
      "dependencies": [
        "jsr:@std/internal@^1.0.14"
      ]
    },
    "@std/semver@1.0.8": {
      "integrity": "dc830e8b8b6a380c895d53fbfd1258dc253704ca57bbe1629ac65fd7830179b7"
    },
    "@std/testing@1.0.18": {
      "integrity": "d3152f57b11666bf6358d0e127c7e3488e91178b0c2d8fbf0793e1c53cd13cb1",
      "dependencies": [
        "jsr:@std/assert@^1.0.19"
      ]
    },
    "@std/text@1.0.19": {
      "integrity": "003a0e032d360e8c3a4e0410fb792c77a66bd6553fee9d60c6ec1bce30d29223"
    },
    "@std/yaml@1.1.1": {
      "integrity": "a57665ecf3d17b926380593a56625d8a10cc7281802f1e993b5ebc94a48e71f8"
    },
    "@ts-morph/bootstrap@0.27.0": {
      "integrity": "b8d7bc8f7942ce853dde4161b28f9aa96769cef3d8eebafb379a81800b9e2448",
      "dependencies": [
        "jsr:@ts-morph/common"
      ]
    },
    "@ts-morph/common@0.27.0": {
      "integrity": "c7b73592d78ce8479b356fd4f3d6ec3c460d77753a8680ff196effea7a939052"
    }
  },
  "npm": {
    "@alcalzone/ansi-tokenize@0.2.5": {
      "integrity": "sha512-3NX/MpTdroi0aKz134A6RC2Gb2iXVECN4QaAXnvCIxxIm3C3AVB1mkUe8NaaiyvOpDfsrqWhYtj+Q6a62RrTsw==",
      "dependencies": [
        "ansi-styles",
        "is-fullwidth-code-point"
      ]
    },
    "@babel/helper-validator-identifier@7.27.1": {
      "integrity": "sha512-D2hP9eA+Sqx1kBZgzxZh0y1trbuU+JoDkiEwqhQ36nodYqJwyEIhPSdMNd7lOm/4io72luTPWH20Yda0xOuUow=="
    },
    "@hono/node-server@1.19.14_hono@4.12.18": {
      "integrity": "sha512-GwtvgtXxnWsucXvbQXkRgqksiH2Qed37H9xHZocE5sA3N8O8O8/8FA3uclQXxXVzc9XBZuEOMK7+r02FmSpHtw==",
      "dependencies": [
        "hono@4.12.18"
      ]
    },
    "@inkjs/ui@2.0.0_ink@6.8.0__@types+react@19.2.14__react@19.2.6_@types+react@19.2.14": {
      "integrity": "sha512-5+8fJmwtF9UvikzLfph9sA+LS+l37Ij/szQltkuXLOAXwNkBX9innfzh4pLGXIB59vKEQUtc6D4qGvhD7h3pAg==",
      "dependencies": [
        "chalk",
        "cli-spinners",
        "deepmerge",
        "figures",
        "ink"
      ]
    },
    "@modelcontextprotocol/sdk@1.29.0_zod@4.4.3": {
      "integrity": "sha512-zo37mZA9hJWpULgkRpowewez1y6ML5GsXJPY8FI0tBBCd77HEvza4jDqRKOXgHNn867PVGCyTdzqpz0izu5ZjQ==",
      "dependencies": [
        "@hono/node-server",
        "ajv",
        "ajv-formats",
        "content-type",
        "cors",
        "cross-spawn",
        "eventsource",
        "eventsource-parser",
        "express",
        "express-rate-limit",
        "hono@4.12.18",
        "jose",
        "json-schema-typed",
        "pkce-challenge",
        "raw-body",
        "zod",
        "zod-to-json-schema"
      ]
    },
    "@oxc-parser/binding-darwin-arm64@0.41.0": {
      "integrity": "sha512-IyPIRfOtiaQVWI7oxbojTLtJufMe/bTj1rR+GNqCZgHYe4xj3oS6P9DeJy+Nu3p/xauYNAphSRj/9X9UOI1/Rg==",
      "os": ["darwin"],
      "cpu": ["arm64"]
    },
    "@oxc-parser/binding-darwin-x64@0.41.0": {
      "integrity": "sha512-d6cZE+wayDqPISkWvr8eaSVXQd1XVHduF2W3mXo9ybCBdDJd9Wb5ZUjoCdYUR05B/L0GrA9MUsdWZx19/GKkGA==",
      "os": ["darwin"],
      "cpu": ["x64"]
    },
    "@oxc-parser/binding-linux-arm64-gnu@0.41.0": {
      "integrity": "sha512-8p7ugPSkmFOOk+j7TAxUU51Ob0S9aWQNXojOhxrRmsurGIe7z6k3YGwtijd5k8l3bSmBaRixEF/DhfOGr+mZ5g==",
      "os": ["linux"],
      "cpu": ["arm64"]
    },
    "@oxc-parser/binding-linux-arm64-musl@0.41.0": {
      "integrity": "sha512-bWlm8wwcPJuh1XdLpZyk/Pm3WYXQSFCiLqvQcptsFFDMgchl29KTX9725CtTC6iJe+NRh7VwjcFKHEpnumBt2g==",
      "os": ["linux"],
      "cpu": ["arm64"]
    },
    "@oxc-parser/binding-linux-x64-gnu@0.41.0": {
      "integrity": "sha512-3ePofVDYRTyNrC2Isve7xTIAZxV/ix/ZnVPowoLMLg4nDtKmzIhpVsVugL2uUBU9GieDrmQHpfCJTBBBekF9aA==",
      "os": ["linux"],
      "cpu": ["x64"]
    },
    "@oxc-parser/binding-linux-x64-musl@0.41.0": {
      "integrity": "sha512-ZMoI+6n7QIf0f0IR5Uu7UoXcf4FE0P47rF5D2j8s+PYlDc+86zqis2DJurtsqc19D3enDm48K/q9apt6u5m9Kg==",
      "os": ["linux"],
      "cpu": ["x64"]
    },
    "@oxc-parser/binding-win32-arm64-msvc@0.41.0": {
      "integrity": "sha512-CzJAyE4OfkjOkbPeqHJL1zQv9KljJiW+xgurlue40NqR++PtJQLQLsgrZ/XUJRFDuA0vgH6sXmelArNu/erfUA==",
      "os": ["win32"],
      "cpu": ["arm64"]
    },
    "@oxc-parser/binding-win32-x64-msvc@0.41.0": {
      "integrity": "sha512-xlOsirc40y+aMOuJi0Jv4M3/vcUlolOae6Ihuxy4BTX58lmwioXsOv0b0UO0XMrPIckwM63KHwal1Q+FLxbn9g==",
      "os": ["win32"],
      "cpu": ["x64"]
    },
    "@oxc-project/types@0.41.0": {
      "integrity": "sha512-4O+T4CE+/XYf00LjhSR0GZLO7znu9R73+LwlppJMKnvzA4/gUxxwPcDpMCA1JONvXGoHm9q9Wnshw0XUZ/ICYQ=="
    },
    "@types/babel__helper-validator-identifier@7.15.2": {
      "integrity": "sha512-l3dkwCt890NFhMwPKXbxsWXC0Por0/+KaFIiQP1j38/vWSH2P3Tn6m+IuJHkx2SBI3VLFqincFe9JtBk2NFHOw=="
    },
    "@types/lodash-es@4.17.12": {
      "integrity": "sha512-0NgftHUcV4v34VhXm8QBSftKVXtbkBG3ViCjs6+eJ5a6y6Mi/jiFGPc1sC7QK+9BFhWrURE3EOggmWaSxL9OzQ==",
      "dependencies": [
        "@types/lodash"
      ]
    },
    "@types/lodash@4.17.24": {
      "integrity": "sha512-gIW7lQLZbue7lRSWEFql49QJJWThrTFFeIMJdp3eH4tKoxm1OvEPg02rm4wCCSHS0cL3/Fizimb35b7k8atwsQ=="
    },
    "@types/react@19.2.14": {
      "integrity": "sha512-ilcTH/UniCkMdtexkoCN0bI7pMcJDvmQFPvuPvmEaYA/NSfFTAgdUSLAoVjaRJm7+6PvcM+q1zYOwS4wTYMF9w==",
      "dependencies": [
        "csstype"
      ]
    },
    "accepts@2.0.0": {
      "integrity": "sha512-5cvg6CtKwfgdmVqY1WIiXKc3Q1bkRqGLi+2W/6ao+6Y7gu/RCwRuAhGEzh5B4KlszSuTLgZYuqFqo5bImjNKng==",
      "dependencies": [
        "mime-types",
        "negotiator"
      ]
    },
    "ajv-draft-04@1.0.0_ajv@8.20.0": {
      "integrity": "sha512-mv00Te6nmYbRp5DCwclxtt7yV/joXJPGS7nM+97GdxvuttCOfgI3K4U25zboyeX0O+myI8ERluxQe5wljMmVIw==",
      "dependencies": [
        "ajv"
      ],
      "optionalPeers": [
        "ajv"
      ]
    },
    "ajv-formats@3.0.1_ajv@8.20.0": {
      "integrity": "sha512-8iUql50EUR+uUcdRQ3HDqa6EVyo3docL8g5WJ3FNcWmu62IbkGUue/pEyLBW8VGKKucTPgqeks4fIU1DA4yowQ==",
      "dependencies": [
        "ajv"
      ],
      "optionalPeers": [
        "ajv"
      ]
    },
    "ajv@8.20.0": {
      "integrity": "sha512-Thbli+OlOj+iMPYFBVBfJ3OmCAnaSyNn4M1vz9T6Gka5Jt9ba/HIR56joy65tY6kx/FCF5VXNB819Y7/GUrBGA==",
      "dependencies": [
        "fast-deep-equal",
        "fast-uri",
        "json-schema-traverse",
        "require-from-string"
      ]
    },
    "ansi-escapes@7.3.0": {
      "integrity": "sha512-BvU8nYgGQBxcmMuEeUEmNTvrMVjJNSH7RgW24vXexN4Ven6qCvy4TntnvlnwnMLTVlcRQQdbRY8NKnaIoeWDNg==",
      "dependencies": [
        "environment"
      ]
    },
    "ansi-regex@6.2.2": {
      "integrity": "sha512-Bq3SmSpyFHaWjPk8If9yc6svM8c56dB5BAtW4Qbw5jHTwwXXcTLoRMkpDJp6VL0XzlWaCHTXrkFURMYmD0sLqg=="
    },
    "ansi-styles@6.2.3": {
      "integrity": "sha512-4Dj6M28JB+oAH8kFkTLUo+a2jwOFkuqb3yucU0CANcRRUbxS0cP0nZYCGjcc3BNXwRIsUVmDGgzawme7zvJHvg=="
    },
    "auto-bind@5.0.1": {
      "integrity": "sha512-ooviqdwwgfIfNmDwo94wlshcdzfO64XV0Cg6oDsDYBJfITDz1EngD2z7DkbvCWn+XIMsIqW27sEVF6qcpJrRcg=="
    },
    "body-parser@2.2.2": {
      "integrity": "sha512-oP5VkATKlNwcgvxi0vM0p/D3n2C3EReYVX+DNYs5TjZFn/oQt2j+4sVJtSMr18pdRr8wjTcBl6LoV+FUwzPmNA==",
      "dependencies": [
        "bytes",
        "content-type",
        "debug",
        "http-errors",
        "iconv-lite",
        "on-finished",
        "qs",
        "raw-body",
        "type-is"
      ]
    },
    "bytes@3.1.2": {
      "integrity": "sha512-/Nf7TyzTx6S3yRJObOAV7956r8cr2+Oj8AC5dt8wSP3BQAoeX58NoHyCU8P8zGkNXStjTSi6fzO6F0pBdcYbEg=="
    },
    "call-bind-apply-helpers@1.0.2": {
      "integrity": "sha512-Sp1ablJ0ivDkSzjcaJdxEunN5/XvksFJ2sMBFfq6x0ryhQV/2b/KwFe21cMpmHtPOSij8K99/wSfoEuTObmuMQ==",
      "dependencies": [
        "es-errors",
        "function-bind"
      ]
    },
    "call-bound@1.0.4": {
      "integrity": "sha512-+ys997U96po4Kx/ABpBCqhA9EuxJaQWDQg7295H4hBphv3IZg0boBKuwYpt4YXp6MZ5AmZQnU/tyMTlRpaSejg==",
      "dependencies": [
        "call-bind-apply-helpers",
        "get-intrinsic"
      ]
    },
    "chalk@5.6.2": {
      "integrity": "sha512-7NzBL0rN6fMUW+f7A6Io4h40qQlG+xGmtMxfbnH/K7TAtt8JQWVQK+6g0UXKMeVJoyV5EkkNsErQ8pVD3bLHbA=="
    },
    "chokidar@4.0.3": {
      "integrity": "sha512-Qgzu8kfBvo+cA4962jnP1KkS6Dop5NS6g7R5LFYJr4b8Ub94PPQXUksCw9PvXoeXPRRddRNC5C1JQUR2SMGtnA==",
      "dependencies": [
        "readdirp"
      ]
    },
    "cli-boxes@3.0.0": {
      "integrity": "sha512-/lzGpEWL/8PfI0BmBOPRwp0c/wFNX1RdUML3jK/RcSBA9T8mZDdQpqYBKtCFTOfQbwPqWEOpjqW+Fnayc0969g=="
    },
    "cli-cursor@4.0.0": {
      "integrity": "sha512-VGtlMu3x/4DOtIUwEkRezxUZ2lBacNJCHash0N0WeZDBS+7Ux1dm3XWAgWYxLJFMMdOeXMHXorshEFhbMSGelg==",
      "dependencies": [
        "restore-cursor"
      ]
    },
    "cli-spinners@3.4.0": {
      "integrity": "sha512-bXfOC4QcT1tKXGorxL3wbJm6XJPDqEnij2gQ2m7ESQuE+/z9YFIWnl/5RpTiKWbMq3EVKR4fRLJGn6DVfu0mpw=="
    },
    "cli-truncate@5.2.0": {
      "integrity": "sha512-xRwvIOMGrfOAnM1JYtqQImuaNtDEv9v6oIYAs4LIHwTiKee8uwvIi363igssOC0O5U04i4AlENs79LQLu9tEMw==",
      "dependencies": [
        "slice-ansi",
        "string-width@8.2.1"
      ]
    },
    "code-excerpt@4.0.0": {
      "integrity": "sha512-xxodCmBen3iy2i0WtAK8FlFNrRzjUqjRsMfho58xT/wvZU1YTM3fCnRjcy1gJPMepaRlgm/0e6w8SpWHpn3/cA==",
      "dependencies": [
        "convert-to-spaces"
      ]
    },
    "content-disposition@1.1.0": {
      "integrity": "sha512-5jRCH9Z/+DRP7rkvY83B+yGIGX96OYdJmzngqnw2SBSxqCFPd0w2km3s5iawpGX8krnwSGmF0FW5Nhr0Hfai3g=="
    },
    "content-type@1.0.5": {
      "integrity": "sha512-nTjqfcBFEipKdXCv4YDQWCfmcLZKm81ldF0pAopTvyrFGVbcR6P/VAAd5G7N+0tTr8QqiU0tFadD6FK4NtJwOA=="
    },
    "convert-to-spaces@2.0.1": {
      "integrity": "sha512-rcQ1bsQO9799wq24uE5AM2tAILy4gXGIK/njFWcVQkGNZ96edlpY+A7bjwvzjYvLDyzmG1MmMLZhpcsb+klNMQ=="
    },
    "cookie-signature@1.2.2": {
      "integrity": "sha512-D76uU73ulSXrD1UXF4KE2TMxVVwhsnCgfAyTg9k8P6KGZjlXKrOLe4dJQKI3Bxi5wjesZoFXJWElNWBjPZMbhg=="
    },
    "cookie@0.7.2": {
      "integrity": "sha512-yki5XnKuf750l50uGTllt6kKILY4nQ1eNIQatoXEByZ5dWgnKqbnqmTrBE5B4N7lrMJKQ2ytWMiTO2o0v6Ew/w=="
    },
    "cors@2.8.6": {
      "integrity": "sha512-tJtZBBHA6vjIAaF6EnIaq6laBBP9aq/Y3ouVJjEfoHbRBcHBAHYcMh/w8LDrk2PvIMMq8gmopa5D4V8RmbrxGw==",
      "dependencies": [
        "object-assign",
        "vary"
      ]
    },
    "cross-spawn@7.0.6": {
      "integrity": "sha512-uV2QOWP2nWzsy2aMp8aRibhi9dlzF5Hgh5SHaB9OiTGEyDTiJJyx0uy51QXdyWbtAHNua4XJzUKca3OzKUd3vA==",
      "dependencies": [
        "path-key",
        "shebang-command",
        "which"
      ]
    },
    "csstype@3.2.3": {
      "integrity": "sha512-z1HGKcYy2xA8AGQfwrn0PAy+PB7X/GSj3UVJW9qKyn43xWa+gl5nXmU4qqLMRzWVLFC8KusUX8T/0kCiOYpAIQ=="
    },
    "debug@4.4.3": {
      "integrity": "sha512-RGwwWnwQvkVfavKVt22FGLw+xYSdzARwm0ru6DhTVA3umU5hZc28V3kO4stgYryrTlLpuvgI9GiijltAjNbcqA==",
      "dependencies": [
        "ms"
      ]
    },
    "deepmerge@4.3.1": {
      "integrity": "sha512-3sUqbMEc77XqpdNO7FRyRog+eW3ph+GYCbj+rK+uYyRMuwsVy0rMiVtPn+QJlKFvWP/1PYpapqYn0Me2knFn+A=="
    },
    "depd@2.0.0": {
      "integrity": "sha512-g7nH6P6dyDioJogAAGprGpCtVImJhpPk/roCzdb3fIh61/s/nPsfR6onyMwkCAR/OlC3yBC0lESvUoQEAssIrw=="
    },
    "dunder-proto@1.0.1": {
      "integrity": "sha512-KIN/nDJBQRcXw0MLVhZE9iQHmG68qAVIBg9CqmUYjmQIhgij9U5MFvrqkUL5FbtyyzZuOeOt0zdeRe4UY7ct+A==",
      "dependencies": [
        "call-bind-apply-helpers",
        "es-errors",
        "gopd"
      ]
    },
    "ee-first@1.1.1": {
      "integrity": "sha512-WMwm9LhRUo+WUaRN+vRuETqG89IgZphVSNkdFgeb6sS/E4OrDIN7t48CAewSHXc6C8lefD8KKfr5vY61brQlow=="
    },
    "emoji-regex@10.6.0": {
      "integrity": "sha512-toUI84YS5YmxW219erniWD0CIVOo46xGKColeNQRgOzDorgBi1v4D71/OFzgD9GO2UGKIv1C3Sp8DAn0+j5w7A=="
    },
    "encodeurl@2.0.0": {
      "integrity": "sha512-Q0n9HRi4m6JuGIV1eFlmvJB7ZEVxu93IrMyiMsGC0lrMJMWzRgx6WGquyfQgZVb31vhGgXnfmPNNXmxnOkRBrg=="
    },
    "environment@1.1.0": {
      "integrity": "sha512-xUtoPkMggbz0MPyPiIWr1Kp4aeWJjDZ6SMvURhimjdZgsRuDplF5/s9hcgGhyXMhs+6vpnuoiZ2kFiu3FMnS8Q=="
    },
    "es-define-property@1.0.1": {
      "integrity": "sha512-e3nRfgfUZ4rNGL232gUgX06QNyyez04KdjFrF+LTRoOXmrOgFKDg4BCdsjW8EnT69eqdYGmRpJwiPVYNrCaW3g=="
    },
    "es-errors@1.3.0": {
      "integrity": "sha512-Zf5H2Kxt2xjTvbJvP2ZWLEICxA6j+hAmMzIlypy4xcBg1vKVnx89Wy0GbS+kf5cwCVFFzdCFh2XSCFNULS6csw=="
    },
    "es-object-atoms@1.1.1": {
      "integrity": "sha512-FGgH2h8zKNim9ljj7dankFPcICIK9Cp5bm+c2gQSYePhpaG5+esrLODihIorn+Pe6FGJzWhXQotPv73jTaldXA==",
      "dependencies": [
        "es-errors"
      ]
    },
    "es-toolkit@1.46.1": {
      "integrity": "sha512-5eNtXOs3tbfxXOj04tjjseeWkRWaoCjdEI+96DgwzZoe6c9juL49pXlzAFTI72aWC9Y8p7168g6XIKjh7k6pyQ=="
    },
    "escape-html@1.0.3": {
      "integrity": "sha512-NiSupZ4OeuGwr68lGIeym/ksIZMJodUGOSCZ/FSnTxcrekbvqrgdUxlJOMpijaKZVjAJrWrGs/6Jy8OMuyj9ow=="
    },
    "escape-string-regexp@2.0.0": {
      "integrity": "sha512-UpzcLCXolUWcNu5HtVMHYdXJjArjsF9C0aNnquZYY4uW/Vu0miy5YoWvbV345HauVvcAUnpRuhMMcqTcGOY2+w=="
    },
    "etag@1.8.1": {
      "integrity": "sha512-aIL5Fx7mawVa300al2BnEE4iNvo1qETxLrPI/o05L7z6go7fCw1J6EQmbK4FmJ2AS7kgVF/KEZWufBfdClMcPg=="
    },
    "eventsource-parser@3.0.8": {
      "integrity": "sha512-70QWGkr4snxr0OXLRWsFLeRBIRPuQOvt4s8QYjmUlmlkyTZkRqS7EDVRZtzU3TiyDbXSzaOeF0XUKy8PchzukQ=="
    },
    "eventsource@3.0.7": {
      "integrity": "sha512-CRT1WTyuQoD771GW56XEZFQ/ZoSfWid1alKGDYMmkt2yl8UXrVR4pspqWNEcqKvVIzg6PAltWjxcSSPrboA4iA==",
      "dependencies": [
        "eventsource-parser"
      ]
    },
    "express-rate-limit@8.5.1_express@5.2.1": {
      "integrity": "sha512-5O6KYmyJEpuPJV5hNTXKbAHWRqrzyu+OI3vUnSd2kXFubIVpG7ezpgxQy76Zo5GQZtrQBg86hF+CM/NX+cioiQ==",
      "dependencies": [
        "express",
        "ip-address"
      ]
    },
    "express@5.2.1": {
      "integrity": "sha512-hIS4idWWai69NezIdRt2xFVofaF4j+6INOpJlVOLDO8zXGpUVEVzIYk12UUi2JzjEzWL3IOAxcTubgz9Po0yXw==",
      "dependencies": [
        "accepts",
        "body-parser",
        "content-disposition",
        "content-type",
        "cookie",
        "cookie-signature",
        "debug",
        "depd",
        "encodeurl",
        "escape-html",
        "etag",
        "finalhandler",
        "fresh",
        "http-errors",
        "merge-descriptors",
        "mime-types",
        "on-finished",
        "once",
        "parseurl",
        "proxy-addr",
        "qs",
        "range-parser",
        "router",
        "send",
        "serve-static",
        "statuses",
        "type-is",
        "vary"
      ]
    },
    "fast-deep-equal@3.1.3": {
      "integrity": "sha512-f3qQ9oQy9j2AhBe/H9VC91wLmKBCCU/gDOnKNAYG5hswO7BLKj09Hc5HYNz9cGI++xlpDCIgDaitVs03ATR84Q=="
    },
    "fast-uri@3.1.2": {
      "integrity": "sha512-rVjf7ArG3LTk+FS6Yw81V1DLuZl1bRbNrev6Tmd/9RaroeeRRJhAt7jg/6YFxbvAQXUCavSoZhPPj6oOx+5KjQ=="
    },
    "figures@6.1.0": {
      "integrity": "sha512-d+l3qxjSesT4V7v2fh+QnmFnUWv9lSpjarhShNTgBOfA0ttejbQUAlHLitbjkoRiDulW0OPoQPYIGhIC8ohejg==",
      "dependencies": [
        "is-unicode-supported"
      ]
    },
    "finalhandler@2.1.1": {
      "integrity": "sha512-S8KoZgRZN+a5rNwqTxlZZePjT/4cnm0ROV70LedRHZ0p8u9fRID0hJUZQpkKLzro8LfmC8sx23bY6tVNxv8pQA==",
      "dependencies": [
        "debug",
        "encodeurl",
        "escape-html",
        "on-finished",
        "parseurl",
        "statuses"
      ]
    },
    "forwarded@0.2.0": {
      "integrity": "sha512-buRG0fpBtRHSTCOASe6hD258tEubFoRLb4ZNA6NxMVHNw2gOcwHo9wyablzMzOA5z9xA9L1KNjk/Nt6MT9aYow=="
    },
    "fresh@2.0.0": {
      "integrity": "sha512-Rx/WycZ60HOaqLKAi6cHRKKI7zxWbJ31MhntmtwMoaTeF7XFH9hhBp8vITaMidfljRQ6eYWCKkaTK+ykVJHP2A=="
    },
    "function-bind@1.1.2": {
      "integrity": "sha512-7XHNxH7qX9xG5mIwxkhumTox/MIRNcOgDrxWsMt2pAr23WHp6MrRlN7FBSFpCpr+oVO0F744iUgR82nJMfG2SA=="
    },
    "get-east-asian-width@1.6.0": {
      "integrity": "sha512-QRbvDIbx6YklUe6RxeTeleMR0yv3cYH6PsPZHcnVn7xv7zO1BHN8r0XETu8n6Ye3Q+ahtSarc3WgtNWmehIBfA=="
    },
    "get-intrinsic@1.3.0": {
      "integrity": "sha512-9fSjSaos/fRIVIp+xSJlE6lfwhES7LNtKaCBIamHsjr2na1BiABJPo0mOjjz8GJDURarmCPGqaiVg5mfjb98CQ==",
      "dependencies": [
        "call-bind-apply-helpers",
        "es-define-property",
        "es-errors",
        "es-object-atoms",
        "function-bind",
        "get-proto",
        "gopd",
        "has-symbols",
        "hasown",
        "math-intrinsics"
      ]
    },
    "get-proto@1.0.1": {
      "integrity": "sha512-sTSfBjoXBp89JvIKIefqw7U2CCebsc74kiY6awiGogKtoSGbgjYE/G/+l9sF3MWFPNc9IcoOC4ODfKHfxFmp0g==",
      "dependencies": [
        "dunder-proto",
        "es-object-atoms"
      ]
    },
    "gopd@1.2.0": {
      "integrity": "sha512-ZUKRh6/kUFoAiTAtTYPZJ3hw9wNxx+BIBOijnlG9PnrJsCcSjs1wyyD6vJpaYtgnzDrKYRSqf3OO6Rfa93xsRg=="
    },
    "gpt-tokenizer@3.4.0": {
      "integrity": "sha512-wxFLnhIXTDjYebd9A9pGl3e31ZpSypbpIJSOswbgop5jLte/AsZVDvjlbEuVFlsqZixVKqbcoNmRlFDf6pz/UQ=="
    },
    "graphql@16.14.0": {
      "integrity": "sha512-BBvQ/406p+4CZbTpCbVPSxfzrZrbnuWSP1ELYgyS6B+hNeKzgrdB4JczCa5VZUBQrDa9hUngm0KnexY6pJRN5Q=="
    },
    "has-flag@5.0.1": {
      "integrity": "sha512-CsNUt5x9LUdx6hnk/E2SZLsDyvfqANZSUq4+D3D8RzDJ2M+HDTIkF60ibS1vHaK55vzgiZw1bEPFG9yH7l33wA=="
    },
    "has-symbols@1.1.0": {
      "integrity": "sha512-1cDNdwJ2Jaohmb3sg4OmKaMBwuC48sYni5HUw2DvsC8LjGTLK9h+eb1X6RyuOHe4hT0ULCW68iomhjUoKUqlPQ=="
    },
    "hasown@2.0.3": {
      "integrity": "sha512-ej4AhfhfL2Q2zpMmLo7U1Uv9+PyhIZpgQLGT1F9miIGmiCJIoCgSmczFdrc97mWT4kVY72KA+WnnhJ5pghSvSg==",
      "dependencies": [
        "function-bind"
      ]
    },
    "hono@4.12.18": {
      "integrity": "sha512-RWzP96k/yv0PQfyXnWjs6zot20TqfpfsNXhOnev8d1InAxubW93L11/oNUc3tQqn2G0bSdAOBpX+2uDFHV7kdQ=="
    },
    "hono@4.7.2": {
      "integrity": "sha512-8V5XxoOF6SI12jkHkzX/6aLBMU5GEF5g387EjVSQipS0DlxWgWGSMeEayY3CRBjtTUQYwLHx9JYouWqKzy2Vng=="
    },
    "http-errors@2.0.1": {
      "integrity": "sha512-4FbRdAX+bSdmo4AUFuS0WNiPz8NgFt+r8ThgNWmlrjQjt1Q7ZR9+zTlce2859x4KSXrwIsaeTqDoKQmtP8pLmQ==",
      "dependencies": [
        "depd",
        "inherits",
        "setprototypeof",
        "statuses",
        "toidentifier"
      ]
    },
    "iconv-lite@0.7.2": {
      "integrity": "sha512-im9DjEDQ55s9fL4EYzOAv0yMqmMBSZp6G0VvFyTMPKWxiSBHUj9NW/qqLmXUwXrrM7AvqSlTCfvqRb0cM8yYqw==",
      "dependencies": [
        "safer-buffer"
      ]
    },
    "ignore@7.0.5": {
      "integrity": "sha512-Hs59xBNfUIunMFgWAbGX5cq6893IbWg4KnrjbYwX3tx0ztorVgTDA6B2sxf8ejHJ4wz8BqGUMYlnzNBer5NvGg=="
    },
    "indent-string@5.0.0": {
      "integrity": "sha512-m6FAo/spmsW2Ab2fU35JTYwtOKa2yAwXSwgjSv1TJzh4Mh7mC3lzAOVLBprb72XsTrgkEIsl7YrFNAiDiRhIGg=="
    },
    "inherits@2.0.4": {
      "integrity": "sha512-k/vGaX4/Yla3WzyMCvTQOXYeIHvqOKtnqBduzTHpzpQZzAskKMhZ2K+EnBiSM9zGSoIFeMpXKxa4dYeZIQqewQ=="
    },
    "ink-link@5.0.0_ink@6.8.0__@types+react@19.2.14__react@19.2.6_@types+react@19.2.14": {
      "integrity": "sha512-TFDXc/0mwUW7LMjsr0/LeLxPVV5BnHDuDQff9RCgP4rb3R+V/4dIwGBZbCevcJZtQnVcW+Iz1LUrUbpq+UDwYA==",
      "dependencies": [
        "ink",
        "terminal-link"
      ]
    },
    "ink-select-input@6.2.0_ink@6.8.0__@types+react@19.2.14__react@19.2.6_react@19.2.6_@types+react@19.2.14": {
      "integrity": "sha512-304fZXxkpYxJ9si5lxRCaX01GNlmPBgOZumXXRnPYbHW/iI31cgQynqk2tRypGLOF1cMIwPUzL2LSm6q4I5rQQ==",
      "dependencies": [
        "figures",
        "ink",
        "react",
        "to-rotated"
      ]
    },
    "ink-testing-library@4.0.0_@types+react@19.2.14": {
      "integrity": "sha512-yF92kj3pmBvk7oKbSq5vEALO//o7Z9Ck/OaLNlkzXNeYdwfpxMQkSowGTFUCS5MSu9bWfSZMewGpp7bFc66D7Q==",
      "dependencies": [
        "@types/react"
      ],
      "optionalPeers": [
        "@types/react"
      ]
    },
    "ink@6.8.0_@types+react@19.2.14_react@19.2.6": {
      "integrity": "sha512-sbl1RdLOgkO9isK42WCZlJCFN9hb++sX9dsklOvfd1YQ3bQ2AiFu12Q6tFlr0HvEUvzraJntQCCpfEoUe9DSzA==",
      "dependencies": [
        "@alcalzone/ansi-tokenize",
        "@types/react",
        "ansi-escapes",
        "ansi-styles",
        "auto-bind",
        "chalk",
        "cli-boxes",
        "cli-cursor",
        "cli-truncate",
        "code-excerpt",
        "es-toolkit",
        "indent-string",
        "is-in-ci",
        "patch-console",
        "react",
        "react-reconciler",
        "scheduler",
        "signal-exit",
        "slice-ansi",
        "stack-utils",
        "string-width@8.2.1",
        "terminal-size",
        "type-fest",
        "widest-line",
        "wrap-ansi",
        "ws",
        "yoga-layout"
      ],
      "optionalPeers": [
        "@types/react"
      ]
    },
    "ip-address@10.2.0": {
      "integrity": "sha512-/+S6j4E9AHvW9SWMSEY9Xfy66O5PWvVEJ08O0y5JGyEKQpojb0K0GKpz/v5HJ/G0vi3D2sjGK78119oXZeE0qA=="
    },
    "ipaddr.js@1.9.1": {
      "integrity": "sha512-0KI/607xoxSToH7GjN1FfSbLoU0+btTicjsQSWQlh/hZykN8KpmMf7uYwPW3R+akZ6R/w18ZlXSHBYXiYUPO3g=="
    },
    "is-fullwidth-code-point@5.1.0": {
      "integrity": "sha512-5XHYaSyiqADb4RnZ1Bdad6cPp8Toise4TzEjcOYDHZkTCbKgiUl7WTUCpNWHuxmDt91wnsZBc9xinNzopv3JMQ==",
      "dependencies": [
        "get-east-asian-width"
      ]
    },
    "is-in-ci@2.0.0": {
      "integrity": "sha512-cFeerHriAnhrQSbpAxL37W1wcJKUUX07HyLWZCW1URJT/ra3GyUTzBgUnh24TMVfNTV2Hij2HLxkPHFZfOZy5w==",
      "bin": true
    },
    "is-promise@4.0.0": {
      "integrity": "sha512-hvpoI6korhJMnej285dSg6nu1+e6uxs7zG3BYAm5byqDsgJNWwxzM6z6iZiAgQR4TJ30JmBTOwqZUw3WlyH3AQ=="
    },
    "is-unicode-supported@2.1.0": {
      "integrity": "sha512-mE00Gnza5EEB3Ds0HfMyllZzbBrmLOX3vfWoj9A9PEnTfratQ/BcaJOuMhnkhjXvb2+FkY3VuHqtAGpTPmglFQ=="
    },
    "isexe@2.0.0": {
      "integrity": "sha512-RHxMLp9lnKHGHRng9QFhRCMbYAcVpn69smSGcq3f36xjgVVWThj4qqLbTLlq7Ssj8B+fIQ1EuCEGI2lKsyQeIw=="
    },
    "jose@6.2.3": {
      "integrity": "sha512-YYVDInQKFJfR/xa3ojUTl8c2KoTwiL1R5Wg9YCydwH0x0B9grbzlg5HC7mMjCtUJjbQ/YnGEZIhI5tCgfTb4Hw=="
    },
    "json-schema-traverse@1.0.0": {
      "integrity": "sha512-NM8/P9n3XjXhIZn1lLhkFaACTOURQXjWhV4BA/RnOv8xvgqtqpAX9IO4mRQxSx1Rlo4tqzeqb0sOlruaOy3dug=="
    },
    "json-schema-typed@8.0.2": {
      "integrity": "sha512-fQhoXdcvc3V28x7C7BMs4P5+kNlgUURe2jmUT1T//oBRMDrqy1QPelJimwZGo7Hg9VPV3EQV5Bnq4hbFy2vetA=="
    },
    "lodash-es@4.17.21": {
      "integrity": "sha512-mKnC+QJ9pWVzv+C4/U3rRsHapFfHvQFoFB92e52xeyGMcX6/OlIl78je1u8vePzYZSkkogMPJ2yjxxsb89cxyw=="
    },
    "math-intrinsics@1.1.0": {
      "integrity": "sha512-/IXtbwEk5HTPyEwyKX6hGkYXxM9nbj64B+ilVJnC/R6B0pH5G4V3b0pVbL7DBj4tkhBAppbQUlf6F6Xl9LHu1g=="
    },
    "media-typer@1.1.0": {
      "integrity": "sha512-aisnrDP4GNe06UcKFnV5bfMNPBUw4jsLGaWwWfnH3v02GnBuXX2MCVn5RbrWo0j3pczUilYblq7fQ7Nw2t5XKw=="
    },
    "merge-descriptors@2.0.0": {
      "integrity": "sha512-Snk314V5ayFLhp3fkUREub6WtjBfPdCPY1Ln8/8munuLuiYhsABgBVWsozAG+MWMbVEvcdcpbi9R7ww22l9Q3g=="
    },
    "mime-db@1.54.0": {
      "integrity": "sha512-aU5EJuIN2WDemCcAp2vFBfp/m4EAhWJnUNSSw0ixs7/kXbd6Pg64EmwJkNdFhB8aWt1sH2CTXrLxo/iAGV3oPQ=="
    },
    "mime-types@3.0.2": {
      "integrity": "sha512-Lbgzdk0h4juoQ9fCKXW4by0UJqj+nOOrI9MJ1sSj4nI8aI2eo1qmvQEie4VD1glsS250n15LsWsYtCugiStS5A==",
      "dependencies": [
        "mime-db"
      ]
    },
    "mimic-fn@2.1.0": {
      "integrity": "sha512-OqbOk5oEQeAZ8WXWydlu9HJjz9WVdEIvamMCcXmuqUYjTknH/sqsWvhQ3vgwKFRR1HpjvNBKQ37nbJgYzGqGcg=="
    },
    "ms@2.1.3": {
      "integrity": "sha512-6FlzubTLZG3J2a/NVCAleEhjzq5oxgHyaCU9yYXvcLsvoVaHJq/s5xXI6/XXP6tz7R9xAOtHnSO/tXtF3WRTlA=="
    },
    "negotiator@1.0.0": {
      "integrity": "sha512-8Ofs/AUQh8MaEcrlq5xOX0CQ9ypTF5dl78mjlMNfOK08fzpgTHQRQPBxcPlEtIw0yRpws+Zo/3r+5WRby7u3Gg=="
    },
    "object-assign@4.1.1": {
      "integrity": "sha512-rJgTQnkUnH1sFw8yT6VSU3zD3sWmu6sZhIseY8VX+GRu3P6F7Fu+JNDoXfklElbLJSnc3FUQHVe4cU5hj+BcUg=="
    },
    "object-inspect@1.13.4": {
      "integrity": "sha512-W67iLl4J2EXEGTbfeHCffrjDfitvLANg0UlX3wFUUSTx92KXRFegMHUVgSqE+wvhAbi4WqjGg9czysTV2Epbew=="
    },
    "on-finished@2.4.1": {
      "integrity": "sha512-oVlzkg3ENAhCk2zdv7IJwd/QUD4z2RxRwpkcGY8psCVcCYZNq4wYnVWALHM+brtuJjePWiYF/ClmuDr8Ch5+kg==",
      "dependencies": [
        "ee-first"
      ]
    },
    "once@1.4.0": {
      "integrity": "sha512-lNaJgI+2Q5URQBkccEKHTQOPaXdUxnZZElQTZY0MFUAuaEqe1E+Nyvgdz/aIyNi6Z9MzO5dv1H8n58/GELp3+w==",
      "dependencies": [
        "wrappy"
      ]
    },
    "onetime@5.1.2": {
      "integrity": "sha512-kbpaSSGJTWdAY5KPVeMOKXSrPtr8C8C7wodJbcsd51jRnmD+GZu8Y0VoU6Dm5Z4vWr0Ig/1NKuWRKf7j5aaYSg==",
      "dependencies": [
        "mimic-fn"
      ]
    },
    "openapi-types@12.1.3": {
      "integrity": "sha512-N4YtSYJqghVu4iek2ZUvcN/0aqH1kRDuNqzcycDxhOUpg7GdvLa2F3DgS6yBNhInhv2r/6I0Flkn7CqL8+nIcw=="
    },
    "oxc-parser@0.41.0": {
      "integrity": "sha512-RCOWZ9qunYVRWi/2XNJjId57uMH36EJzHGwATT+MwKETx2v/TJDqZUikr1DDcZD3OYYDTR8mZkrWAUBbUOZrFQ==",
      "dependencies": [
        "@oxc-project/types"
      ],
      "optionalDependencies": [
        "@oxc-parser/binding-darwin-arm64",
        "@oxc-parser/binding-darwin-x64",
        "@oxc-parser/binding-linux-arm64-gnu",
        "@oxc-parser/binding-linux-arm64-musl",
        "@oxc-parser/binding-linux-x64-gnu",
        "@oxc-parser/binding-linux-x64-musl",
        "@oxc-parser/binding-win32-arm64-msvc",
        "@oxc-parser/binding-win32-x64-msvc"
      ]
    },
    "parseurl@1.3.3": {
      "integrity": "sha512-CiyeOxFT/JZyN5m0z9PfXw4SCBJ6Sygz1Dpl0wqjlhDEGGBP1GnsUVEL0p63hoG1fcj3fHynXi9NYO4nWOL+qQ=="
    },
    "patch-console@2.0.0": {
      "integrity": "sha512-0YNdUceMdaQwoKce1gatDScmMo5pu/tfABfnzEqeG0gtTmd7mh/WcwgUjtAeOU7N8nFFlbQBnFK2gXW5fGvmMA=="
    },
    "path-key@3.1.1": {
      "integrity": "sha512-ojmeN0qd+y0jszEtoY48r0Peq5dwMEkIlCOu6Q5f41lfkswXuKtYrhgoTpLnyIcHm24Uhqx+5Tqm2InSwLhE6Q=="
    },
    "path-to-regexp@8.4.2": {
      "integrity": "sha512-qRcuIdP69NPm4qbACK+aDogI5CBDMi1jKe0ry5rSQJz8JVLsC7jV8XpiJjGRLLol3N+R5ihGYcrPLTno6pAdBA=="
    },
    "pkce-challenge@5.0.1": {
      "integrity": "sha512-wQ0b/W4Fr01qtpHlqSqspcj3EhBvimsdh0KlHhH8HRZnMsEa0ea2fTULOXOS9ccQr3om+GcGRk4e+isrZWV8qQ=="
    },
    "prettier@3.3.3": {
      "integrity": "sha512-i2tDNA0O5IrMO757lfrdQZCc2jPNDVntV0m/+4whiDfWaTKfMNgR7Qz0NAeGz/nRqF4m5/6CLzbP4/liHt12Ew==",
      "bin": true
    },
    "proxy-addr@2.0.7": {
      "integrity": "sha512-llQsMLSUDUPT44jdrU/O37qlnifitDP+ZwrmmZcoSKyLKvtZxpyV0n2/bD/N4tBAAZ/gJEdZU7KMraoK1+XYAg==",
      "dependencies": [
        "forwarded",
        "ipaddr.js"
      ]
    },
    "qs@6.15.1": {
      "integrity": "sha512-6YHEFRL9mfgcAvql/XhwTvf5jKcOiiupt2FiJxHkiX1z4j7WL8J/jRHYLluORvc1XxB5rV20KoeK00gVJamspg==",
      "dependencies": [
        "side-channel"
      ]
    },
    "range-parser@1.2.1": {
      "integrity": "sha512-Hrgsx+orqoygnmhFbKaHE6c296J+HTAQXoxEF6gNupROmmGJRoyzfG3ccAveqCBrwr/2yxQ5BVd/GTl5agOwSg=="
    },
    "raw-body@3.0.2": {
      "integrity": "sha512-K5zQjDllxWkf7Z5xJdV0/B0WTNqx6vxG70zJE4N0kBs4LovmEYWJzQGxC9bS9RAKu3bgM40lrd5zoLJ12MQ5BA==",
      "dependencies": [
        "bytes",
        "http-errors",
        "iconv-lite",
        "unpipe"
      ]
    },
    "react-reconciler@0.33.0_react@19.2.6": {
      "integrity": "sha512-KetWRytFv1epdpJc3J4G75I4WrplZE5jOL7Yq0p34+OVOKF4Se7WrdIdVC45XsSSmUTlht2FM/fM1FZb1mfQeA==",
      "dependencies": [
        "react",
        "scheduler"
      ]
    },
    "react@19.2.6": {
      "integrity": "sha512-sfWGGfavi0xr8Pg0sVsyHMAOziVYKgPLNrS7ig+ivMNb3wbCBw3KxtflsGBAwD3gYQlE/AEZsTLgToRrSCjb0Q=="
    },
    "readdirp@4.1.2": {
      "integrity": "sha512-GDhwkLfywWL2s6vEjyhri+eXmfH6j1L7JE27WhqLeYzoh/A3DBaYGEj2H/HFZCn/kMfim73FXxEJTw06WtxQwg=="
    },
    "require-from-string@2.0.2": {
      "integrity": "sha512-Xf0nWe6RseziFMu+Ap9biiUbmplq6S9/p+7w7YXP/JBHhrUDDUhwa+vANyubuqfZWTveU//DYVGsDG7RKL/vEw=="
    },
    "restore-cursor@4.0.0": {
      "integrity": "sha512-I9fPXU9geO9bHOt9pHHOhOkYerIMsmVaWB0rA2AI9ERh/+x/i7MV5HKBNrg+ljO5eoPVgCcnFuRjJ9uH6I/3eg==",
      "dependencies": [
        "onetime",
        "signal-exit"
      ]
    },
    "router@2.2.0": {
      "integrity": "sha512-nLTrUKm2UyiL7rlhapu/Zl45FwNgkZGaCpZbIHajDYgwlJCOzLSk+cIPAnsEqV955GjILJnKbdQC1nVPz+gAYQ==",
      "dependencies": [
        "debug",
        "depd",
        "is-promise",
        "parseurl",
        "path-to-regexp"
      ]
    },
    "safer-buffer@2.1.2": {
      "integrity": "sha512-YZo3K82SD7Riyi0E1EQPojLz7kpepnSQI9IyPbHHg1XXXevb5dJI7tpyN2ADxGcQbHG7vcyRHk0cbwqcQriUtg=="
    },
    "scheduler@0.27.0": {
      "integrity": "sha512-eNv+WrVbKu1f3vbYJT/xtiF5syA5HPIMtf9IgY/nKg0sWqzAUEvqY/xm7OcZc/qafLx/iO9FgOmeSAp4v5ti/Q=="
    },
    "send@1.2.1": {
      "integrity": "sha512-1gnZf7DFcoIcajTjTwjwuDjzuz4PPcY2StKPlsGAQ1+YH20IRVrBaXSWmdjowTJ6u8Rc01PoYOGHXfP1mYcZNQ==",
      "dependencies": [
        "debug",
        "encodeurl",
        "escape-html",
        "etag",
        "fresh",
        "http-errors",
        "mime-types",
        "ms",
        "on-finished",
        "range-parser",
        "statuses"
      ]
    },
    "serve-static@2.2.1": {
      "integrity": "sha512-xRXBn0pPqQTVQiC8wyQrKs2MOlX24zQ0POGaj0kultvoOCstBQM5yvOhAVSUwOMjQtTvsPWoNCHfPGwaaQJhTw==",
      "dependencies": [
        "encodeurl",
        "escape-html",
        "parseurl",
        "send"
      ]
    },
    "setprototypeof@1.2.0": {
      "integrity": "sha512-E5LDX7Wrp85Kil5bhZv46j8jOeboKq5JMmYM3gVGdGH8xFpPWXUMsNrlODCrkoxMEeNi/XZIwuRvY4XNwYMJpw=="
    },
    "shebang-command@2.0.0": {
      "integrity": "sha512-kHxr2zZpYtdmrN1qDjrrX/Z1rR1kG8Dx+gkpK1G4eXmvXswmcE1hTWBWYUzlraYw1/yZp6YuDY77YtvbN0dmDA==",
      "dependencies": [
        "shebang-regex"
      ]
    },
    "shebang-regex@3.0.0": {
      "integrity": "sha512-7++dFhtcx3353uBaq8DDR4NuxBetBzC7ZQOhmTQInHEd6bSrXdiEyzCvG07Z44UYdLShWUyXt5M/yhz8ekcb1A=="
    },
    "side-channel-list@1.0.1": {
      "integrity": "sha512-mjn/0bi/oUURjc5Xl7IaWi/OJJJumuoJFQJfDDyO46+hBWsfaVM65TBHq2eoZBhzl9EchxOijpkbRC8SVBQU0w==",
      "dependencies": [
        "es-errors",
        "object-inspect"
      ]
    },
    "side-channel-map@1.0.1": {
      "integrity": "sha512-VCjCNfgMsby3tTdo02nbjtM/ewra6jPHmpThenkTYh8pG9ucZ/1P8So4u4FGBek/BjpOVsDCMoLA/iuBKIFXRA==",
      "dependencies": [
        "call-bound",
        "es-errors",
        "get-intrinsic",
        "object-inspect"
      ]
    },
    "side-channel-weakmap@1.0.2": {
      "integrity": "sha512-WPS/HvHQTYnHisLo9McqBHOJk2FkHO/tlpvldyrnem4aeQp4hai3gythswg6p01oSoTl58rcpiFAjF2br2Ak2A==",
      "dependencies": [
        "call-bound",
        "es-errors",
        "get-intrinsic",
        "object-inspect",
        "side-channel-map"
      ]
    },
    "side-channel@1.1.0": {
      "integrity": "sha512-ZX99e6tRweoUXqR+VBrslhda51Nh5MTQwou5tnUDgbtyM0dBgmhEDtWGP/xbKn6hqfPRHujUNwz5fy/wbbhnpw==",
      "dependencies": [
        "es-errors",
        "object-inspect",
        "side-channel-list",
        "side-channel-map",
        "side-channel-weakmap"
      ]
    },
    "signal-exit@3.0.7": {
      "integrity": "sha512-wnD2ZE+l+SPC/uoS0vXeE9L1+0wuaMqKlfz9AMUo38JsyLSBWSFcHR1Rri62LZc12vLr1gb3jl7iwQhgwpAbGQ=="
    },
    "slice-ansi@8.0.0": {
      "integrity": "sha512-stxByr12oeeOyY2BlviTNQlYV5xOj47GirPr4yA1hE9JCtxfQN0+tVbkxwCtYDQWhEKWFHsEK48ORg5jrouCAg==",
      "dependencies": [
        "ansi-styles",
        "is-fullwidth-code-point"
      ]
    },
    "stack-utils@2.0.6": {
      "integrity": "sha512-XlkWvfIm6RmsWtNJx+uqtKLS8eqFbxUg0ZzLXqY0caEy9l7hruX8IpiDnjsLavoBgqCCR71TqWO8MaXYheJ3RQ==",
      "dependencies": [
        "escape-string-regexp"
      ]
    },
    "statuses@2.0.2": {
      "integrity": "sha512-DvEy55V3DB7uknRo+4iOGT5fP1slR8wQohVdknigZPMpMstaKJQWhwiYBACJE3Ul2pTnATihhBYnRhZQHGBiRw=="
    },
    "string-width@7.2.0": {
      "integrity": "sha512-tsaTIkKW9b4N+AEj+SVA+WhJzV7/zMhcSu78mLKWSk7cXMOSHsBKFWUs0fWwq8QyK3MgJBQRX6Gbi4kYbdvGkQ==",
      "dependencies": [
        "emoji-regex",
        "get-east-asian-width",
        "strip-ansi"
      ]
    },
    "string-width@8.2.1": {
      "integrity": "sha512-IIaP0g3iy9Cyy18w3M9YcaDudujEAVHKt3a3QJg1+sr/oX96TbaGUubG0hJyCjCBThFH+tFpcIyoUHUn1ogaLA==",
      "dependencies": [
        "get-east-asian-width",
        "strip-ansi"
      ]
    },
    "strip-ansi@7.2.0": {
      "integrity": "sha512-yDPMNjp4WyfYBkHnjIRLfca1i6KMyGCtsVgoKe/z1+6vukgaENdgGBZt+ZmKPc4gavvEZ5OgHfHdrazhgNyG7w==",
      "dependencies": [
        "ansi-regex"
      ]
    },
    "supports-color@10.2.2": {
      "integrity": "sha512-SS+jx45GF1QjgEXQx4NJZV9ImqmO2NPz5FNsIHrsDjh2YsHnawpan7SNQ1o8NuhrbHZy9AZhIoCUiCeaW/C80g=="
    },
    "supports-hyperlinks@4.4.0": {
      "integrity": "sha512-UKbpT93hN5Nr9go5UY7bopIB9YQlMz9nm/ct4IXt/irb5YRkn9WaqrOBJGZ5Pwvsd5FQzSVeYlGdXoCAPQZrPg==",
      "dependencies": [
        "has-flag",
        "supports-color"
      ]
    },
    "tagged-tag@1.0.0": {
      "integrity": "sha512-yEFYrVhod+hdNyx7g5Bnkkb0G6si8HJurOoOEgC8B/O0uXLHlaey/65KRv6cuWBNhBgHKAROVpc7QyYqE5gFng=="
    },
    "terminal-link@5.0.0": {
      "integrity": "sha512-qFAy10MTMwjzjU8U16YS4YoZD+NQLHzLssFMNqgravjbvIPNiqkGFR4yjhJfmY9R5OFU7+yHxc6y+uGHkKwLRA==",
      "dependencies": [
        "ansi-escapes",
        "supports-hyperlinks"
      ]
    },
    "terminal-size@4.0.1": {
      "integrity": "sha512-avMLDQpUI9I5XFrklECw1ZEUPJhqzcwSWsyyI8blhRLT+8N1jLJWLWWYQpB2q2xthq8xDvjZPISVh53T/+CLYQ=="
    },
    "tiny-invariant@1.3.3": {
      "integrity": "sha512-+FbBPE1o9QAYvviau/qC5SE3caw21q3xkvWKBtja5vgqOWIHHJ3ioaq1VPfn/Szqctz2bU/oYeKd9/z5BL+PVg=="
    },
    "to-rotated@1.0.0": {
      "integrity": "sha512-KsEID8AfgUy+pxVRLsWp0VzCa69wxzUDZnzGbyIST/bcgcrMvTYoFBX/QORH4YApoD89EDuUovx4BTdpOn319Q=="
    },
    "toidentifier@1.0.1": {
      "integrity": "sha512-o5sSPKEkg/DIQNmH43V0/uerLrpzVedkUh8tGNvaeXpfpuwjKenlSox/2O/BTlZUtEe+JG7s5YhEz608PlAHRA=="
    },
    "ts-pattern@5.9.0": {
      "integrity": "sha512-6s5V71mX8qBUmlgbrfL33xDUwO0fq48rxAu2LBE11WBeGdpCPOsXksQbZJHvHwhrd3QjUusd3mAOM5Gg0mFBLg=="
    },
    "type-fest@5.6.0": {
      "integrity": "sha512-8ZiHFm91orbSAe2PSAiSVBVko18pbhbiB3U9GglSzF/zCGkR+rxpHx6sEMCUm4kxY4LjDIUGgCfUMtwfZfjfUA==",
      "dependencies": [
        "tagged-tag"
      ]
    },
    "type-is@2.0.1": {
      "integrity": "sha512-OZs6gsjF4vMp32qrCbiVSkrFmXtG/AZhY3t0iAMrMBiAZyV9oALtXO8hsrHbMXF9x6L3grlFuwW2oAz7cav+Gw==",
      "dependencies": [
        "content-type",
        "media-typer",
        "mime-types"
      ]
    },
    "typescript@5.6.3": {
      "integrity": "sha512-hjcS1mhfuyi4WW8IWtjP7brDrG2cuDZukyrYrSauoXGNgx0S7zceP07adYkJycEr56BOUTNPzbInooiN3fn1qw==",
      "bin": true
    },
    "unpipe@1.0.0": {
      "integrity": "sha512-pjy2bYhSsufwWlKwPc+l3cN7+wuJlK6uz0YdJEOlQDbl6jo/YlPi4mb8agUkVC8BF7V8NuzeyPNqRksA3hztKQ=="
    },
    "valibot@1.1.0_typescript@5.6.3": {
      "integrity": "sha512-Nk8lX30Qhu+9txPYTwM0cFlWLdPFsFr6LblzqIySfbZph9+BFsAHsNvHOymEviUepeIW6KFHzpX8TKhbptBXXw==",
      "dependencies": [
        "typescript"
      ],
      "optionalPeers": [
        "typescript"
      ]
    },
    "vary@1.1.2": {
      "integrity": "sha512-BNGbWLfd0eUPabhkXUVm0j8uuvREyTh5ovRa/dyow/BqAbZJyC+5fU+IzQOzmAKzYqYRAISoRhdQr3eIZ/PXqg=="
    },
    "which@2.0.2": {
      "integrity": "sha512-BLI3Tl1TW3Pvl70l3yq3Y64i+awpwXqsGBYWkkqMtnbXgrMD+yj7rhW0kuEDxzJaYXGjEW5ogapKNMEKNMjibA==",
      "dependencies": [
        "isexe"
      ],
      "bin": true
    },
    "widest-line@6.0.0": {
      "integrity": "sha512-U89AsyEeAsyoF0zVJBkG9zBgekjgjK7yk9sje3F4IQpXBJ10TF6ByLlIfjMhcmHMJgHZI4KHt4rdNfktzxIAMA==",
      "dependencies": [
        "string-width@8.2.1"
      ]
    },
    "wrap-ansi@9.0.2": {
      "integrity": "sha512-42AtmgqjV+X1VpdOfyTGOYRi0/zsoLqtXQckTmqTeybT+BDIbM/Guxo7x3pE2vtpr1ok6xRqM9OpBe+Jyoqyww==",
      "dependencies": [
        "ansi-styles",
        "string-width@7.2.0",
        "strip-ansi"
      ]
    },
    "wrappy@1.0.2": {
      "integrity": "sha512-l4Sp/DRseor9wL6EvV2+TuQn63dMkPjZ/sp9XkghTEbV9KlPS1xUsZ3u7/IQO4wxtcFB4bgpQPRcR3QCvezPcQ=="
    },
    "ws@8.20.1": {
      "integrity": "sha512-It4dO0K5v//JtTXuPkfEOaI3uUN87iYPnqo/ZzqCoG3g8uhA66QUMs/SrM0YK7/NAu+r4LMh/9dq2A7k+rHs+w=="
    },
    "yoga-layout@3.2.1": {
      "integrity": "sha512-0LPOt3AxKqMdFBZA3HBAt/t/8vIKq7VaQYbuA8WxCgung+p9TVyKRYdpvCb80HcdTN2NkbIKbhNwKUfm3tQywQ=="
    },
    "zod-to-json-schema@3.25.2_zod@4.4.3": {
      "integrity": "sha512-O/PgfnpT1xKSDeQYSCfRI5Gy3hPf91mKVDuYLUHZJMiDFptvP41MSnWofm8dnCm0256ZNfZIM7DSzuSMAFnjHA==",
      "dependencies": [
        "zod"
      ]
    },
    "zod@4.4.3": {
      "integrity": "sha512-ytENFjIJFl2UwYglde2jchW2Hwm4GJFLDiSXWdTrJQBIN9Fcyp7n4DhxJEiWNAJMV1/BqWfW/kkg71UDcHJyTQ=="
    }
  },
  "workspace": {
    "dependencies": [
      "jsr:@deno/dnt@0.42.3",
      "jsr:@std/assert@^1.0.10",
      "jsr:@std/encoding@^1.0.10",
      "jsr:@std/fmt@^1.0.8",
      "jsr:@std/fs@^1.0.7",
      "jsr:@std/http@^1.0.16",
      "jsr:@std/log@~0.224.6",
      "jsr:@std/path@^1.0.9",
      "jsr:@std/semver@^1.0.5",
      "jsr:@std/testing@^1.0.15",
      "npm:@babel/helper-validator-identifier@7.27.1",
      "npm:ignore@7.0.5",
      "npm:openapi-types@^12.1.3",
      "npm:tiny-invariant@1.3.3",
      "npm:valibot@1.1.0",
      "npm:zod@^4.0.14"
    ],
    "members": {
      "cli": {
        "dependencies": [
          "jsr:@cliffy/command@1.1.0",
          "jsr:@skmtc/convert@0.1.16",
          "jsr:@skmtc/core@0.17.1",
          "jsr:@skmtc/server@0.2.39",
          "jsr:@skmtc/worker@0.3.27",
          "npm:@inkjs/ui@2",
          "npm:@types/react@19",
          "npm:chokidar@^4.0.3",
          "npm:gpt-tokenizer@^3.2.0",
          "npm:ignore@^7.0.5",
          "npm:ink-link@5",
          "npm:ink-select-input@^6.2.0",
          "npm:ink-testing-library@4",
          "npm:ink@^6.2.3",
          "npm:react@^19.1.1"
        ]
      },
      "convert": {
        "dependencies": [
          "jsr:@skmtc/openapi-down-convert@0.14.8",
          "jsr:@skmtc/swagger2openapi@0.1.2",
          "jsr:@std/yaml@^1.0.5",
          "npm:openapi-types@^12.1.3"
        ]
      },
      "core": {
        "dependencies": [
          "jsr:@std/assert@^1.0.10",
          "jsr:@std/fmt@1",
          "jsr:@std/log@~0.224.6",
          "jsr:@std/testing@^1.0.15",
          "npm:@types/lodash-es@4.17.12",
          "npm:graphql@^16.9.0",
          "npm:lodash-es@4.17.21",
          "npm:openapi-types@^12.1.3",
          "npm:oxc-parser@0.41.0",
          "npm:valibot@1.1.0"
        ]
      },
      "lang-csharp": {
        "dependencies": [
          "jsr:@skmtc/core@0.17.1"
        ]
      },
      "lang-go": {
        "dependencies": [
          "jsr:@skmtc/core@0.17.1"
        ]
      },
      "lang-kotlin": {
        "dependencies": [
          "jsr:@skmtc/core@0.17.1"
        ]
      },
      "lang-php": {
        "dependencies": [
          "jsr:@skmtc/core@0.17.1"
        ]
      },
      "lang-rust": {
        "dependencies": [
          "jsr:@skmtc/core@0.17.1"
        ]
      },
      "lang-typescript": {
        "dependencies": [
          "jsr:@skmtc/core@0.17.1"
        ]
      },
      "mcp": {
        "dependencies": [
          "jsr:@std/fs@^1.0.7",
          "jsr:@std/log@~0.224.6",
          "jsr:@std/path@^1.0.9",
          "npm:@modelcontextprotocol/sdk@^1.29.0",
          "npm:zod@^4.0.14"
        ]
      },
      "openapi-down-convert": {
        "dependencies": [
          "jsr:@std/yaml@^1.1.0"
        ]
      },
      "openapi-overlays": {
        "dependencies": [
          "jsr:@std/yaml@^1.1.0"
        ]
      },
      "server": {
        "dependencies": [
          "jsr:@skmtc/convert@0.1.16",
          "jsr:@skmtc/core@0.17.1",
          "npm:hono@4.7.2"
        ]
      },
      "swagger2openapi": {
        "dependencies": [
          "jsr:@std/path@^1.0.9",
          "jsr:@std/yaml@^1.1.0",
          "npm:ajv-draft-04@1",
          "npm:ajv-formats@^3.0.1",
          "npm:ajv@^8.17.1",
          "npm:ts-pattern@^5.6.2"
        ]
      },
      "worker": {
        "dependencies": [
          "jsr:@skmtc/core@0.17.1",
          "npm:openapi-types@^12.1.3"
        ]
      }
    }
  }
}
