{
  "version": "5",
  "specifiers": {
    "jsr:@std/fs@*": "1.0.23"
  },
  "jsr": {
    "@std/fs@1.0.23": {
      "integrity": "3ecbae4ce4fee03b180fa710caff36bb5adb66631c46a6460aaad49515565a37"
    }
  },
  "workspace": {
    "packageJson": {
      "dependencies": [
        "npm:jsdom@^25.0.1",
        "npm:prettier@^3.5.3",
        "npm:turbo@^2.3.3",
        "npm:typescript@5.7.2"
      ]
    },
    "members": {
      "apps/docs": {
        "packageJson": {
          "dependencies": [
            "npm:@eslint/eslintrc@3",
            "npm:@tailwindcss/postcss@^4.1.13",
            "npm:@types/mdx@^2.0.13",
            "npm:@types/node@24.3.3",
            "npm:@types/react-dom@^19.1.9",
            "npm:@types/react@^19.1.13",
            "npm:eslint-config-next@15.5.3",
            "npm:eslint@9",
            "npm:fumadocs-core@15.7.12",
            "npm:fumadocs-mdx@11.10.0",
            "npm:fumadocs-ui@15.7.12",
            "npm:next@15.5.3",
            "npm:postcss@^8.5.6",
            "npm:react-dom@^19.1.1",
            "npm:react@^19.1.1",
            "npm:tailwindcss@^4.1.13",
            "npm:typescript@^5.9.2"
          ]
        }
      },
      "apps/vscode": {
        "packageJson": {
          "dependencies": [
            "npm:@hono/zod-openapi@~0.19.2",
            "npm:@sentry/browser@^8.26.0",
            "npm:@skmtc/core@^0.0.603",
            "npm:@supabase/supabase-js@^2.57.4",
            "npm:@types/fs-extra@^11.0.4",
            "npm:@types/glob@8",
            "npm:@types/lodash-es@^4.17.12",
            "npm:@types/node@^22.10.2",
            "npm:@types/uuid@9",
            "npm:@types/vscode-webview@^1.57.0",
            "npm:@types/vscode@^1.93.0",
            "npm:@typescript-eslint/eslint-plugin@^5.42.0",
            "npm:@typescript-eslint/parser@^5.42.0",
            "npm:@vscode-elements/elements@^1.7.0",
            "npm:can-ndjson-stream@^1.0.2",
            "npm:esbuild-plugin-copy@^2.0.1",
            "npm:esbuild@~0.16.10",
            "npm:eslint@^8.26.0",
            "npm:fs-extra@^11.2.0",
            "npm:glob@^8.0.3",
            "npm:lodash-es@^4.17.21",
            "npm:openapi-types@^12.1.3",
            "npm:prettier@^3.3.3",
            "npm:tiny-invariant@^1.3.3",
            "npm:ts-pattern@5.6.0",
            "npm:typescript@5.7.2",
            "npm:uuid@9",
            "npm:valibot@1",
            "npm:zod@^3.24.1"
          ]
        }
      },
      "apps/web": {
        "packageJson": {
          "dependencies": [
            "npm:@headlessui/react@^2.1.8",
            "npm:@heroicons/react@^2.1.5",
            "npm:@hono/zod-openapi@~0.18.3",
            "npm:@hookform/resolvers@^3.9.1",
            "npm:@mdx-js/loader@3",
            "npm:@mdx-js/react@3",
            "npm:@next/mdx@^14.1.0",
            "npm:@radix-ui/react-accordion@^1.2.1",
            "npm:@radix-ui/react-avatar@^1.1.2",
            "npm:@radix-ui/react-checkbox@^1.1.2",
            "npm:@radix-ui/react-collapsible@^1.1.2",
            "npm:@radix-ui/react-dialog@^1.1.4",
            "npm:@radix-ui/react-dropdown-menu@^2.1.4",
            "npm:@radix-ui/react-icons@^1.3.0",
            "npm:@radix-ui/react-label@^2.1.0",
            "npm:@radix-ui/react-popover@^1.1.4",
            "npm:@radix-ui/react-scroll-area@^1.2.2",
            "npm:@radix-ui/react-select@^2.1.2",
            "npm:@radix-ui/react-separator@^1.1.1",
            "npm:@radix-ui/react-slot@^1.1.1",
            "npm:@radix-ui/react-tabs@^1.1.1",
            "npm:@radix-ui/react-toast@^1.2.2",
            "npm:@radix-ui/react-tooltip@^1.1.6",
            "npm:@skmtc/core@^0.0.554",
            "npm:@tailwindcss/forms@~0.5.9",
            "npm:@tailwindcss/typography@~0.5.10",
            "npm:@tanstack/react-query@^5.62.11",
            "npm:@tanstack/react-table@^8.20.5",
            "npm:@types/file-saver@2",
            "npm:@types/lodash@^4.17.15",
            "npm:@types/mdx@^2.0.10",
            "npm:@types/node@^22.10.2",
            "npm:@types/object-hash@^3.0.6",
            "npm:@types/react-dom@18",
            "npm:@types/react@18",
            "npm:@vercel/analytics@^1.3.1",
            "npm:@webcontainer/api@1.5.1",
            "npm:@xyflow/react@^12.3.5",
            "npm:autoprefixer@^10.0.1",
            "npm:class-variance-authority@~0.7.1",
            "npm:clsx@^2.1.1",
            "npm:cmdk@1.0.0",
            "npm:codehike@1",
            "npm:date-fns@^4.1.0",
            "npm:file-saver@^2.0.5",
            "npm:framer-motion@^11.9.0",
            "npm:geist@^1.3.1",
            "npm:hono@^4.6.16",
            "npm:jszip@^3.10.1",
            "npm:lodash@^4.17.21",
            "npm:lucide-react@0.469",
            "npm:next-themes@~0.4.3",
            "npm:next@^14.2.4",
            "npm:object-hash@3",
            "npm:postcss@8",
            "npm:react-day-picker@8.10.1",
            "npm:react-dom@^18.3.1",
            "npm:react-hook-form@^7.53.2",
            "npm:react-resizable-panels@^2.1.7",
            "npm:react-router-dom@^6.28.0",
            "npm:react-svg-path@^1.14.0",
            "npm:react@^18.3.1",
            "npm:sonner@^1.7.0",
            "npm:tailwind-merge@^2.5.2",
            "npm:tailwindcss-animate@^1.0.7",
            "npm:tailwindcss@^3.4.15",
            "npm:ts-pattern@^5.6.0",
            "npm:tsx@^4.19.2",
            "npm:typescript@5.7.2",
            "npm:use-reducer-async@^2.1.1",
            "npm:vitest@^3.0.4",
            "npm:zod@^3.24.1"
          ]
        }
      }
    }
  }
}
