# This file is generated by running "yarn install" inside your project.
# Manual changes might be lost - proceed with caution!

__metadata:
  version: 8
  cacheKey: 10c0

"@asamuzakjp/css-color@npm:^2.8.2":
  version: 2.8.3
  resolution: "@asamuzakjp/css-color@npm:2.8.3"
  dependencies:
    "@csstools/css-calc": "npm:^2.1.1"
    "@csstools/css-color-parser": "npm:^3.0.7"
    "@csstools/css-parser-algorithms": "npm:^3.0.4"
    "@csstools/css-tokenizer": "npm:^3.0.3"
    lru-cache: "npm:^10.4.3"
  checksum: 10c0/e108c92ee5de6d8510c9aaca8375c0aeab730dc9b6d4bd287aea2a0379cfbaa09f0814dcacb3e2ddc5c79d7deedf3f82ec8d1ce0effd4a8fac8415b1fe553798
  languageName: node
  linkType: hard

"@asteasolutions/zod-to-openapi@npm:^7.1.0":
  version: 7.3.0
  resolution: "@asteasolutions/zod-to-openapi@npm:7.3.0"
  dependencies:
    openapi3-ts: "npm:^4.1.2"
  peerDependencies:
    zod: ^3.20.2
  checksum: 10c0/f0a68a89929cdeaa3e21d2027489689f982824d676a9332c680e119f60881dd39b571324b24ad4837fda49bf6fe7c3e2af2199268b281bf1aec923d7a7cbfc40
  languageName: node
  linkType: hard

"@babel/helper-validator-identifier@npm:7.22.20":
  version: 7.22.20
  resolution: "@babel/helper-validator-identifier@npm:7.22.20"
  checksum: 10c0/dcad63db345fb110e032de46c3688384b0008a42a4845180ce7cd62b1a9c0507a1bed727c4d1060ed1a03ae57b4d918570259f81724aaac1a5b776056f37504e
  languageName: node
  linkType: hard

"@csstools/color-helpers@npm:^5.0.2":
  version: 5.0.2
  resolution: "@csstools/color-helpers@npm:5.0.2"
  checksum: 10c0/bebaddb28b9eb58b0449edd5d0c0318fa88f3cb079602ee27e88c9118070d666dcc4e09a5aa936aba2fde6ba419922ade07b7b506af97dd7051abd08dfb2959b
  languageName: node
  linkType: hard

"@csstools/css-calc@npm:^2.1.1, @csstools/css-calc@npm:^2.1.2":
  version: 2.1.2
  resolution: "@csstools/css-calc@npm:2.1.2"
  peerDependencies:
    "@csstools/css-parser-algorithms": ^3.0.4
    "@csstools/css-tokenizer": ^3.0.3
  checksum: 10c0/34ced30553968ef5d5f9e00e3b90b48c47480cf130e282e99d57ec9b09f803aab8bc06325683e72a1518b5e7180a3da8b533f1b462062757c21989a53b482e1a
  languageName: node
  linkType: hard

"@csstools/css-color-parser@npm:^3.0.7":
  version: 3.0.8
  resolution: "@csstools/css-color-parser@npm:3.0.8"
  dependencies:
    "@csstools/color-helpers": "npm:^5.0.2"
    "@csstools/css-calc": "npm:^2.1.2"
  peerDependencies:
    "@csstools/css-parser-algorithms": ^3.0.4
    "@csstools/css-tokenizer": ^3.0.3
  checksum: 10c0/90722c5a62ca94e9d578ddf59be604a76400b932bd3d4bd23cb1ae9b7ace8fcf83c06995d2b31f96f4afef24a7cefba79beb11ed7ee4999d7ecfec3869368359
  languageName: node
  linkType: hard

"@csstools/css-parser-algorithms@npm:^3.0.4":
  version: 3.0.4
  resolution: "@csstools/css-parser-algorithms@npm:3.0.4"
  peerDependencies:
    "@csstools/css-tokenizer": ^3.0.3
  checksum: 10c0/d411f07765e14eede17bccc6bd4f90ff303694df09aabfede3fd104b2dfacfd4fe3697cd25ddad14684c850328f3f9420ebfa9f78380892492974db24ae47dbd
  languageName: node
  linkType: hard

"@csstools/css-tokenizer@npm:^3.0.3":
  version: 3.0.3
  resolution: "@csstools/css-tokenizer@npm:3.0.3"
  checksum: 10c0/c31bf410e1244b942e71798e37c54639d040cb59e0121b21712b40015fced2b0fb1ffe588434c5f8923c9cd0017cfc1c1c8f3921abc94c96edf471aac2eba5e5
  languageName: node
  linkType: hard

"@deno/shim-deno-test@npm:^0.5.0":
  version: 0.5.0
  resolution: "@deno/shim-deno-test@npm:0.5.0"
  checksum: 10c0/6d8b0739056468f59a4f0238ffd6eaef8b2aa0aced6f3070c9193c9bdba9f42a29a0a9c0f49f75cf11f6cf122131a3b9d9d6280c33c968d962b61fc037e49669
  languageName: node
  linkType: hard

"@deno/shim-deno@npm:~0.18.0":
  version: 0.18.2
  resolution: "@deno/shim-deno@npm:0.18.2"
  dependencies:
    "@deno/shim-deno-test": "npm:^0.5.0"
    which: "npm:^4.0.0"
  checksum: 10c0/4a040c068e1200556f0a4d51dd6d11343a9c37d2e35f89034b114728b298275ff653a0477a7e2335bedbae7b162da05ead3087a884578568e879b9a59d0c2449
  languageName: node
  linkType: hard

"@hono/zod-openapi@npm:^0.18.3":
  version: 0.18.4
  resolution: "@hono/zod-openapi@npm:0.18.4"
  dependencies:
    "@asteasolutions/zod-to-openapi": "npm:^7.1.0"
    "@hono/zod-validator": "npm:^0.4.1"
  peerDependencies:
    hono: ">=4.3.6"
    zod: 3.*
  checksum: 10c0/59a725bf01fd523badca8e792273f320fcbf7e89d1b208ab2849982466e98b06300687d2df3fa9d8695ffe9b02eaf15ee3fe3817628373fde917207599eaba0e
  languageName: node
  linkType: hard

"@hono/zod-validator@npm:^0.4.1":
  version: 0.4.3
  resolution: "@hono/zod-validator@npm:0.4.3"
  peerDependencies:
    hono: ">=3.9.0"
    zod: ^3.19.1
  checksum: 10c0/ad783cff6de379cee11f7b1fd54506b658a8e6e9f6066ba3656f340b0d75ab9a82aad7e67290df6f68fd0242244360215df0c8784fbeb18b60c9f6e1c2ca0807
  languageName: node
  linkType: hard

"@sentry/core@npm:8.47.0":
  version: 8.47.0
  resolution: "@sentry/core@npm:8.47.0"
  checksum: 10c0/64fc9c89e96f2989b63bd6e776afd09993ce59caca9d4003033a12ea2b938ba28b588a9d171462605467ebe18b75a465ca875faf10f69f00ef2cc5d7d05df43a
  languageName: node
  linkType: hard

"@sentry/deno@npm:8.47.0":
  version: 8.47.0
  resolution: "@sentry/deno@npm:8.47.0"
  dependencies:
    "@sentry/core": "npm:8.47.0"
  checksum: 10c0/1c7755e90382ff6413d92e491f3b1995942450a70429373099c246c4f7bfa1515b18c907196604b4332b8d5d7f16aa1e638c9b81253aef717038aca88f8cac71
  languageName: node
  linkType: hard

"@skmtc/core@workspace:packages/core":
  version: 0.0.0-use.local
  resolution: "@skmtc/core@workspace:packages/core"
  dependencies:
    "@babel/helper-validator-identifier": "npm:7.22.20"
    "@deno/shim-deno": "npm:~0.18.0"
    "@hono/zod-openapi": "npm:^0.18.3"
    "@sentry/deno": "npm:8.47.0"
    "@types/babel__helper-validator-identifier": "npm:7.15.2"
    "@types/lodash-es": "npm:4.17.12"
    "@types/node": "npm:^20.9.0"
    lodash-es: "npm:4.17.21"
    openapi-types: "npm:12.1.3"
    tiny-invariant: "npm:1.3.3"
    ts-pattern: "npm:5.6.0"
    zod: "npm:3.24.1"
    zod-to-json-schema: "npm:^3.24.3"
  languageName: unknown
  linkType: soft

"@types/babel__helper-validator-identifier@npm:7.15.2":
  version: 7.15.2
  resolution: "@types/babel__helper-validator-identifier@npm:7.15.2"
  checksum: 10c0/19841ce7ef06250211f4eca6fd872f01af530ef16371c92452e76222f7d1874c1f05907bbfe6d8d337f7dffa2dfd3231856fbc0dea0ed64868bcf3fc8cc323ac
  languageName: node
  linkType: hard

"@types/lodash-es@npm:4.17.12":
  version: 4.17.12
  resolution: "@types/lodash-es@npm:4.17.12"
  dependencies:
    "@types/lodash": "npm:*"
  checksum: 10c0/5d12d2cede07f07ab067541371ed1b838a33edb3c35cb81b73284e93c6fd0c4bbeaefee984e69294bffb53f62d7272c5d679fdba8e595ff71e11d00f2601dde0
  languageName: node
  linkType: hard

"@types/lodash@npm:*":
  version: 4.17.16
  resolution: "@types/lodash@npm:4.17.16"
  checksum: 10c0/cf017901b8ab1d7aabc86d5189d9288f4f99f19a75caf020c0e2c77b8d4cead4db0d0b842d009b029339f92399f49f34377dd7c2721053388f251778b4c23534
  languageName: node
  linkType: hard

"@types/node@npm:^20.9.0":
  version: 20.17.23
  resolution: "@types/node@npm:20.17.23"
  dependencies:
    undici-types: "npm:~6.19.2"
  checksum: 10c0/4f7da7383ee8516b2e580d772a196fd76487670bd9d32a296621c5df63b077cc7d06c2a0040885b3e4a28c1751f9ad3d5ed55cff15d50b707e3d454993bfe33a
  languageName: node
  linkType: hard

"agent-base@npm:^7.1.0, agent-base@npm:^7.1.2":
  version: 7.1.3
  resolution: "agent-base@npm:7.1.3"
  checksum: 10c0/6192b580c5b1d8fb399b9c62bf8343d76654c2dd62afcb9a52b2cf44a8b6ace1e3b704d3fe3547d91555c857d3df02603341ff2cb961b9cfe2b12f9f3c38ee11
  languageName: node
  linkType: hard

"asynckit@npm:^0.4.0":
  version: 0.4.0
  resolution: "asynckit@npm:0.4.0"
  checksum: 10c0/d73e2ddf20c4eb9337e1b3df1a0f6159481050a5de457c55b14ea2e5cb6d90bb69e004c9af54737a5ee0917fcf2c9e25de67777bbe58261847846066ba75bc9d
  languageName: node
  linkType: hard

"call-bind-apply-helpers@npm:^1.0.1, call-bind-apply-helpers@npm:^1.0.2":
  version: 1.0.2
  resolution: "call-bind-apply-helpers@npm:1.0.2"
  dependencies:
    es-errors: "npm:^1.3.0"
    function-bind: "npm:^1.1.2"
  checksum: 10c0/47bd9901d57b857590431243fea704ff18078b16890a6b3e021e12d279bbf211d039155e27d7566b374d49ee1f8189344bac9833dec7a20cdec370506361c938
  languageName: node
  linkType: hard

"codesquared@workspace:.":
  version: 0.0.0-use.local
  resolution: "codesquared@workspace:."
  dependencies:
    jsdom: "npm:^25.0.1"
    prettier: "npm:^3.2.5"
    turbo: "npm:^2.3.3"
    typescript: "npm:5.7.2"
  languageName: unknown
  linkType: soft

"combined-stream@npm:^1.0.8":
  version: 1.0.8
  resolution: "combined-stream@npm:1.0.8"
  dependencies:
    delayed-stream: "npm:~1.0.0"
  checksum: 10c0/0dbb829577e1b1e839fa82b40c07ffaf7de8a09b935cadd355a73652ae70a88b4320db322f6634a4ad93424292fa80973ac6480986247f1734a1137debf271d5
  languageName: node
  linkType: hard

"cssstyle@npm:^4.1.0":
  version: 4.2.1
  resolution: "cssstyle@npm:4.2.1"
  dependencies:
    "@asamuzakjp/css-color": "npm:^2.8.2"
    rrweb-cssom: "npm:^0.8.0"
  checksum: 10c0/02ba8c47c0caaab57acadacb3eb6c0f5f009000f55d61f6563670e07d389b26edefeed497e6c1847fcd2e6bbe0b6974c2d4291f97fa0c6ec6add13a7fa926d84
  languageName: node
  linkType: hard

"data-urls@npm:^5.0.0":
  version: 5.0.0
  resolution: "data-urls@npm:5.0.0"
  dependencies:
    whatwg-mimetype: "npm:^4.0.0"
    whatwg-url: "npm:^14.0.0"
  checksum: 10c0/1b894d7d41c861f3a4ed2ae9b1c3f0909d4575ada02e36d3d3bc584bdd84278e20709070c79c3b3bff7ac98598cb191eb3e86a89a79ea4ee1ef360e1694f92ad
  languageName: node
  linkType: hard

"debug@npm:4, debug@npm:^4.3.4":
  version: 4.4.0
  resolution: "debug@npm:4.4.0"
  dependencies:
    ms: "npm:^2.1.3"
  peerDependenciesMeta:
    supports-color:
      optional: true
  checksum: 10c0/db94f1a182bf886f57b4755f85b3a74c39b5114b9377b7ab375dc2cfa3454f09490cc6c30f829df3fc8042bc8b8995f6567ce5cd96f3bc3688bd24027197d9de
  languageName: node
  linkType: hard

"decimal.js@npm:^10.4.3":
  version: 10.5.0
  resolution: "decimal.js@npm:10.5.0"
  checksum: 10c0/785c35279df32762143914668df35948920b6c1c259b933e0519a69b7003fc0a5ed2a766b1e1dda02574450c566b21738a45f15e274b47c2ac02072c0d1f3ac3
  languageName: node
  linkType: hard

"delayed-stream@npm:~1.0.0":
  version: 1.0.0
  resolution: "delayed-stream@npm:1.0.0"
  checksum: 10c0/d758899da03392e6712f042bec80aa293bbe9e9ff1b2634baae6a360113e708b91326594c8a486d475c69d6259afb7efacdc3537bfcda1c6c648e390ce601b19
  languageName: node
  linkType: hard

"dunder-proto@npm:^1.0.1":
  version: 1.0.1
  resolution: "dunder-proto@npm:1.0.1"
  dependencies:
    call-bind-apply-helpers: "npm:^1.0.1"
    es-errors: "npm:^1.3.0"
    gopd: "npm:^1.2.0"
  checksum: 10c0/199f2a0c1c16593ca0a145dbf76a962f8033ce3129f01284d48c45ed4e14fea9bbacd7b3610b6cdc33486cef20385ac054948fefc6272fcce645c09468f93031
  languageName: node
  linkType: hard

"entities@npm:^4.5.0":
  version: 4.5.0
  resolution: "entities@npm:4.5.0"
  checksum: 10c0/5b039739f7621f5d1ad996715e53d964035f75ad3b9a4d38c6b3804bb226e282ffeae2443624d8fdd9c47d8e926ae9ac009c54671243f0c3294c26af7cc85250
  languageName: node
  linkType: hard

"es-define-property@npm:^1.0.1":
  version: 1.0.1
  resolution: "es-define-property@npm:1.0.1"
  checksum: 10c0/3f54eb49c16c18707949ff25a1456728c883e81259f045003499efba399c08bad00deebf65cccde8c0e07908c1a225c9d472b7107e558f2a48e28d530e34527c
  languageName: node
  linkType: hard

"es-errors@npm:^1.3.0":
  version: 1.3.0
  resolution: "es-errors@npm:1.3.0"
  checksum: 10c0/0a61325670072f98d8ae3b914edab3559b6caa980f08054a3b872052640d91da01d38df55df797fcc916389d77fc92b8d5906cf028f4db46d7e3003abecbca85
  languageName: node
  linkType: hard

"es-object-atoms@npm:^1.0.0, es-object-atoms@npm:^1.1.1":
  version: 1.1.1
  resolution: "es-object-atoms@npm:1.1.1"
  dependencies:
    es-errors: "npm:^1.3.0"
  checksum: 10c0/65364812ca4daf48eb76e2a3b7a89b3f6a2e62a1c420766ce9f692665a29d94fe41fe88b65f24106f449859549711e4b40d9fb8002d862dfd7eb1c512d10be0c
  languageName: node
  linkType: hard

"es-set-tostringtag@npm:^2.1.0":
  version: 2.1.0
  resolution: "es-set-tostringtag@npm:2.1.0"
  dependencies:
    es-errors: "npm:^1.3.0"
    get-intrinsic: "npm:^1.2.6"
    has-tostringtag: "npm:^1.0.2"
    hasown: "npm:^2.0.2"
  checksum: 10c0/ef2ca9ce49afe3931cb32e35da4dcb6d86ab02592cfc2ce3e49ced199d9d0bb5085fc7e73e06312213765f5efa47cc1df553a6a5154584b21448e9fb8355b1af
  languageName: node
  linkType: hard

"form-data@npm:^4.0.0":
  version: 4.0.2
  resolution: "form-data@npm:4.0.2"
  dependencies:
    asynckit: "npm:^0.4.0"
    combined-stream: "npm:^1.0.8"
    es-set-tostringtag: "npm:^2.1.0"
    mime-types: "npm:^2.1.12"
  checksum: 10c0/e534b0cf025c831a0929bf4b9bbe1a9a6b03e273a8161f9947286b9b13bf8fb279c6944aae0070c4c311100c6d6dbb815cd955dc217728caf73fad8dc5b8ee9c
  languageName: node
  linkType: hard

"function-bind@npm:^1.1.2":
  version: 1.1.2
  resolution: "function-bind@npm:1.1.2"
  checksum: 10c0/d8680ee1e5fcd4c197e4ac33b2b4dce03c71f4d91717292785703db200f5c21f977c568d28061226f9b5900cbcd2c84463646134fd5337e7925e0942bc3f46d5
  languageName: node
  linkType: hard

"get-intrinsic@npm:^1.2.6":
  version: 1.3.0
  resolution: "get-intrinsic@npm:1.3.0"
  dependencies:
    call-bind-apply-helpers: "npm:^1.0.2"
    es-define-property: "npm:^1.0.1"
    es-errors: "npm:^1.3.0"
    es-object-atoms: "npm:^1.1.1"
    function-bind: "npm:^1.1.2"
    get-proto: "npm:^1.0.1"
    gopd: "npm:^1.2.0"
    has-symbols: "npm:^1.1.0"
    hasown: "npm:^2.0.2"
    math-intrinsics: "npm:^1.1.0"
  checksum: 10c0/52c81808af9a8130f581e6a6a83e1ba4a9f703359e7a438d1369a5267a25412322f03dcbd7c549edaef0b6214a0630a28511d7df0130c93cfd380f4fa0b5b66a
  languageName: node
  linkType: hard

"get-proto@npm:^1.0.1":
  version: 1.0.1
  resolution: "get-proto@npm:1.0.1"
  dependencies:
    dunder-proto: "npm:^1.0.1"
    es-object-atoms: "npm:^1.0.0"
  checksum: 10c0/9224acb44603c5526955e83510b9da41baf6ae73f7398875fba50edc5e944223a89c4a72b070fcd78beb5f7bdda58ecb6294adc28f7acfc0da05f76a2399643c
  languageName: node
  linkType: hard

"gopd@npm:^1.2.0":
  version: 1.2.0
  resolution: "gopd@npm:1.2.0"
  checksum: 10c0/50fff1e04ba2b7737c097358534eacadad1e68d24cccee3272e04e007bed008e68d2614f3987788428fd192a5ae3889d08fb2331417e4fc4a9ab366b2043cead
  languageName: node
  linkType: hard

"has-symbols@npm:^1.0.3, has-symbols@npm:^1.1.0":
  version: 1.1.0
  resolution: "has-symbols@npm:1.1.0"
  checksum: 10c0/dde0a734b17ae51e84b10986e651c664379018d10b91b6b0e9b293eddb32f0f069688c841fb40f19e9611546130153e0a2a48fd7f512891fb000ddfa36f5a20e
  languageName: node
  linkType: hard

"has-tostringtag@npm:^1.0.2":
  version: 1.0.2
  resolution: "has-tostringtag@npm:1.0.2"
  dependencies:
    has-symbols: "npm:^1.0.3"
  checksum: 10c0/a8b166462192bafe3d9b6e420a1d581d93dd867adb61be223a17a8d6dad147aa77a8be32c961bb2f27b3ef893cae8d36f564ab651f5e9b7938ae86f74027c48c
  languageName: node
  linkType: hard

"hasown@npm:^2.0.2":
  version: 2.0.2
  resolution: "hasown@npm:2.0.2"
  dependencies:
    function-bind: "npm:^1.1.2"
  checksum: 10c0/3769d434703b8ac66b209a4cca0737519925bbdb61dd887f93a16372b14694c63ff4e797686d87c90f08168e81082248b9b028bad60d4da9e0d1148766f56eb9
  languageName: node
  linkType: hard

"html-encoding-sniffer@npm:^4.0.0":
  version: 4.0.0
  resolution: "html-encoding-sniffer@npm:4.0.0"
  dependencies:
    whatwg-encoding: "npm:^3.1.1"
  checksum: 10c0/523398055dc61ac9b34718a719cb4aa691e4166f29187e211e1607de63dc25ac7af52ca7c9aead0c4b3c0415ffecb17326396e1202e2e86ff4bca4c0ee4c6140
  languageName: node
  linkType: hard

"http-proxy-agent@npm:^7.0.2":
  version: 7.0.2
  resolution: "http-proxy-agent@npm:7.0.2"
  dependencies:
    agent-base: "npm:^7.1.0"
    debug: "npm:^4.3.4"
  checksum: 10c0/4207b06a4580fb85dd6dff521f0abf6db517489e70863dca1a0291daa7f2d3d2d6015a57bd702af068ea5cf9f1f6ff72314f5f5b4228d299c0904135d2aef921
  languageName: node
  linkType: hard

"https-proxy-agent@npm:^7.0.5":
  version: 7.0.6
  resolution: "https-proxy-agent@npm:7.0.6"
  dependencies:
    agent-base: "npm:^7.1.2"
    debug: "npm:4"
  checksum: 10c0/f729219bc735edb621fa30e6e84e60ee5d00802b8247aac0d7b79b0bd6d4b3294737a337b93b86a0bd9e68099d031858a39260c976dc14cdbba238ba1f8779ac
  languageName: node
  linkType: hard

"iconv-lite@npm:0.6.3":
  version: 0.6.3
  resolution: "iconv-lite@npm:0.6.3"
  dependencies:
    safer-buffer: "npm:>= 2.1.2 < 3.0.0"
  checksum: 10c0/98102bc66b33fcf5ac044099d1257ba0b7ad5e3ccd3221f34dd508ab4070edff183276221684e1e0555b145fce0850c9f7d2b60a9fcac50fbb4ea0d6e845a3b1
  languageName: node
  linkType: hard

"is-potential-custom-element-name@npm:^1.0.1":
  version: 1.0.1
  resolution: "is-potential-custom-element-name@npm:1.0.1"
  checksum: 10c0/b73e2f22bc863b0939941d369486d308b43d7aef1f9439705e3582bfccaa4516406865e32c968a35f97a99396dac84e2624e67b0a16b0a15086a785e16ce7db9
  languageName: node
  linkType: hard

"isexe@npm:^3.1.1":
  version: 3.1.1
  resolution: "isexe@npm:3.1.1"
  checksum: 10c0/9ec257654093443eb0a528a9c8cbba9c0ca7616ccb40abd6dde7202734d96bb86e4ac0d764f0f8cd965856aacbff2f4ce23e730dc19dfb41e3b0d865ca6fdcc7
  languageName: node
  linkType: hard

"jsdom@npm:^25.0.1":
  version: 25.0.1
  resolution: "jsdom@npm:25.0.1"
  dependencies:
    cssstyle: "npm:^4.1.0"
    data-urls: "npm:^5.0.0"
    decimal.js: "npm:^10.4.3"
    form-data: "npm:^4.0.0"
    html-encoding-sniffer: "npm:^4.0.0"
    http-proxy-agent: "npm:^7.0.2"
    https-proxy-agent: "npm:^7.0.5"
    is-potential-custom-element-name: "npm:^1.0.1"
    nwsapi: "npm:^2.2.12"
    parse5: "npm:^7.1.2"
    rrweb-cssom: "npm:^0.7.1"
    saxes: "npm:^6.0.0"
    symbol-tree: "npm:^3.2.4"
    tough-cookie: "npm:^5.0.0"
    w3c-xmlserializer: "npm:^5.0.0"
    webidl-conversions: "npm:^7.0.0"
    whatwg-encoding: "npm:^3.1.1"
    whatwg-mimetype: "npm:^4.0.0"
    whatwg-url: "npm:^14.0.0"
    ws: "npm:^8.18.0"
    xml-name-validator: "npm:^5.0.0"
  peerDependencies:
    canvas: ^2.11.2
  peerDependenciesMeta:
    canvas:
      optional: true
  checksum: 10c0/6bda32a6dfe4e37a30568bf51136bdb3ba9c0b72aadd6356280404275a34c9e097c8c25b5eb3c742e602623741e172da977ff456684befd77c9042ed9bf8c2b4
  languageName: node
  linkType: hard

"lodash-es@npm:4.17.21":
  version: 4.17.21
  resolution: "lodash-es@npm:4.17.21"
  checksum: 10c0/fb407355f7e6cd523a9383e76e6b455321f0f153a6c9625e21a8827d10c54c2a2341bd2ae8d034358b60e07325e1330c14c224ff582d04612a46a4f0479ff2f2
  languageName: node
  linkType: hard

"lru-cache@npm:^10.4.3":
  version: 10.4.3
  resolution: "lru-cache@npm:10.4.3"
  checksum: 10c0/ebd04fbca961e6c1d6c0af3799adcc966a1babe798f685bb84e6599266599cd95d94630b10262f5424539bc4640107e8a33aa28585374abf561d30d16f4b39fb
  languageName: node
  linkType: hard

"math-intrinsics@npm:^1.1.0":
  version: 1.1.0
  resolution: "math-intrinsics@npm:1.1.0"
  checksum: 10c0/7579ff94e899e2f76ab64491d76cf606274c874d8f2af4a442c016bd85688927fcfca157ba6bf74b08e9439dc010b248ce05b96cc7c126a354c3bae7fcb48b7f
  languageName: node
  linkType: hard

"mime-db@npm:1.52.0":
  version: 1.52.0
  resolution: "mime-db@npm:1.52.0"
  checksum: 10c0/0557a01deebf45ac5f5777fe7740b2a5c309c6d62d40ceab4e23da9f821899ce7a900b7ac8157d4548ddbb7beffe9abc621250e6d182b0397ec7f10c7b91a5aa
  languageName: node
  linkType: hard

"mime-types@npm:^2.1.12":
  version: 2.1.35
  resolution: "mime-types@npm:2.1.35"
  dependencies:
    mime-db: "npm:1.52.0"
  checksum: 10c0/82fb07ec56d8ff1fc999a84f2f217aa46cb6ed1033fefaabd5785b9a974ed225c90dc72fff460259e66b95b73648596dbcc50d51ed69cdf464af2d237d3149b2
  languageName: node
  linkType: hard

"ms@npm:^2.1.3":
  version: 2.1.3
  resolution: "ms@npm:2.1.3"
  checksum: 10c0/d924b57e7312b3b63ad21fc5b3dc0af5e78d61a1fc7cfb5457edaf26326bf62be5307cc87ffb6862ef1c2b33b0233cdb5d4f01c4c958cc0d660948b65a287a48
  languageName: node
  linkType: hard

"nwsapi@npm:^2.2.12":
  version: 2.2.18
  resolution: "nwsapi@npm:2.2.18"
  checksum: 10c0/fb64761f02d838a1964ef3f15f324779ae5b735c878843ed6592b07d85652928f8f34458605fee0ff379514bf5ffa5afeef5dc8290bfb0959a854069e2af300b
  languageName: node
  linkType: hard

"openapi-types@npm:12.1.3":
  version: 12.1.3
  resolution: "openapi-types@npm:12.1.3"
  checksum: 10c0/4ad4eb91ea834c237edfa6ab31394e87e00c888fc2918009763389c00d02342345195d6f302d61c3fd807f17723cd48df29b47b538b68375b3827b3758cd520f
  languageName: node
  linkType: hard

"openapi3-ts@npm:^4.1.2":
  version: 4.4.0
  resolution: "openapi3-ts@npm:4.4.0"
  dependencies:
    yaml: "npm:^2.5.0"
  checksum: 10c0/900b834279fc8a43c545728ad75ec7c26934ec5344225b60d1e1c0df44d742d7e7379aea18d9034e03031f079d3308ba5a68600682eece3ed41cdbdd10346a9e
  languageName: node
  linkType: hard

"parse5@npm:^7.1.2":
  version: 7.2.1
  resolution: "parse5@npm:7.2.1"
  dependencies:
    entities: "npm:^4.5.0"
  checksum: 10c0/829d37a0c709215a887e410a7118d754f8e1afd7edb529db95bc7bbf8045fb0266a7b67801331d8e8d9d073ea75793624ec27ce9ff3b96862c3b9008f4d68e80
  languageName: node
  linkType: hard

"prettier@npm:^3.2.5":
  version: 3.5.3
  resolution: "prettier@npm:3.5.3"
  bin:
    prettier: bin/prettier.cjs
  checksum: 10c0/3880cb90b9dc0635819ab52ff571518c35bd7f15a6e80a2054c05dbc8a3aa6e74f135519e91197de63705bcb38388ded7e7230e2178432a1468005406238b877
  languageName: node
  linkType: hard

"punycode@npm:^2.3.1":
  version: 2.3.1
  resolution: "punycode@npm:2.3.1"
  checksum: 10c0/14f76a8206bc3464f794fb2e3d3cc665ae416c01893ad7a02b23766eb07159144ee612ad67af5e84fa4479ccfe67678c4feb126b0485651b302babf66f04f9e9
  languageName: node
  linkType: hard

"rrweb-cssom@npm:^0.7.1":
  version: 0.7.1
  resolution: "rrweb-cssom@npm:0.7.1"
  checksum: 10c0/127b8ca6c8aac45e2755abbae6138d4a813b1bedc2caabf79466ae83ab3cfc84b5bfab513b7033f0aa4561c7753edf787d0dd01163ceacdee2e8eb1b6bf7237e
  languageName: node
  linkType: hard

"rrweb-cssom@npm:^0.8.0":
  version: 0.8.0
  resolution: "rrweb-cssom@npm:0.8.0"
  checksum: 10c0/56f2bfd56733adb92c0b56e274c43f864b8dd48784d6fe946ef5ff8d438234015e59ad837fc2ad54714b6421384141c1add4eb569e72054e350d1f8a50b8ac7b
  languageName: node
  linkType: hard

"safer-buffer@npm:>= 2.1.2 < 3.0.0":
  version: 2.1.2
  resolution: "safer-buffer@npm:2.1.2"
  checksum: 10c0/7e3c8b2e88a1841c9671094bbaeebd94448111dd90a81a1f606f3f67708a6ec57763b3b47f06da09fc6054193e0e6709e77325415dc8422b04497a8070fa02d4
  languageName: node
  linkType: hard

"saxes@npm:^6.0.0":
  version: 6.0.0
  resolution: "saxes@npm:6.0.0"
  dependencies:
    xmlchars: "npm:^2.2.0"
  checksum: 10c0/3847b839f060ef3476eb8623d099aa502ad658f5c40fd60c105ebce86d244389b0d76fcae30f4d0c728d7705ceb2f7e9b34bb54717b6a7dbedaf5dad2d9a4b74
  languageName: node
  linkType: hard

"symbol-tree@npm:^3.2.4":
  version: 3.2.4
  resolution: "symbol-tree@npm:3.2.4"
  checksum: 10c0/dfbe201ae09ac6053d163578778c53aa860a784147ecf95705de0cd23f42c851e1be7889241495e95c37cabb058edb1052f141387bef68f705afc8f9dd358509
  languageName: node
  linkType: hard

"tiny-invariant@npm:1.3.3":
  version: 1.3.3
  resolution: "tiny-invariant@npm:1.3.3"
  checksum: 10c0/65af4a07324b591a059b35269cd696aba21bef2107f29b9f5894d83cc143159a204b299553435b03874ebb5b94d019afa8b8eff241c8a4cfee95872c2e1c1c4a
  languageName: node
  linkType: hard

"tldts-core@npm:^6.1.82":
  version: 6.1.82
  resolution: "tldts-core@npm:6.1.82"
  checksum: 10c0/bdbefb17837d7d85b79a44824feafad3d12fbbfbe4f0a89d9618765b18e880d4c7ebe9e87258a2a0e85deec23adbcaaa5f4240129d8017f896b0cda0c32ae6e4
  languageName: node
  linkType: hard

"tldts@npm:^6.1.32":
  version: 6.1.82
  resolution: "tldts@npm:6.1.82"
  dependencies:
    tldts-core: "npm:^6.1.82"
  bin:
    tldts: bin/cli.js
  checksum: 10c0/e01dd47de5a1e5ca7ffe33d9e18cfd608e93ef45cf1f80f3fced1cea192d07a840664ded894b590551ebcaaf8a583a68a4b23bc0645b5885508b57010a9316af
  languageName: node
  linkType: hard

"tough-cookie@npm:^5.0.0":
  version: 5.1.2
  resolution: "tough-cookie@npm:5.1.2"
  dependencies:
    tldts: "npm:^6.1.32"
  checksum: 10c0/5f95023a47de0f30a902bba951664b359725597d8adeabc66a0b93a931c3af801e1e697dae4b8c21a012056c0ea88bd2bf4dfe66b2adcf8e2f42cd9796fe0626
  languageName: node
  linkType: hard

"tr46@npm:^5.0.0":
  version: 5.0.0
  resolution: "tr46@npm:5.0.0"
  dependencies:
    punycode: "npm:^2.3.1"
  checksum: 10c0/1521b6e7bbc8adc825c4561480f9fe48eb2276c81335eed9fa610aa4c44a48a3221f78b10e5f18b875769eb3413e30efbf209ed556a17a42aa8d690df44b7bee
  languageName: node
  linkType: hard

"ts-pattern@npm:5.6.0":
  version: 5.6.0
  resolution: "ts-pattern@npm:5.6.0"
  checksum: 10c0/0da058218634ba5880d21816493c6634b56c111044aaec8e882a7b58a7564b6cc201b03012b7fd54b775af4ebe723d3ff91243769e9dc8aedb1f10dacc5f8f83
  languageName: node
  linkType: hard

"turbo-darwin-64@npm:2.4.4":
  version: 2.4.4
  resolution: "turbo-darwin-64@npm:2.4.4"
  conditions: os=darwin & cpu=x64
  languageName: node
  linkType: hard

"turbo-darwin-arm64@npm:2.4.4":
  version: 2.4.4
  resolution: "turbo-darwin-arm64@npm:2.4.4"
  conditions: os=darwin & cpu=arm64
  languageName: node
  linkType: hard

"turbo-linux-64@npm:2.4.4":
  version: 2.4.4
  resolution: "turbo-linux-64@npm:2.4.4"
  conditions: os=linux & cpu=x64
  languageName: node
  linkType: hard

"turbo-linux-arm64@npm:2.4.4":
  version: 2.4.4
  resolution: "turbo-linux-arm64@npm:2.4.4"
  conditions: os=linux & cpu=arm64
  languageName: node
  linkType: hard

"turbo-windows-64@npm:2.4.4":
  version: 2.4.4
  resolution: "turbo-windows-64@npm:2.4.4"
  conditions: os=win32 & cpu=x64
  languageName: node
  linkType: hard

"turbo-windows-arm64@npm:2.4.4":
  version: 2.4.4
  resolution: "turbo-windows-arm64@npm:2.4.4"
  conditions: os=win32 & cpu=arm64
  languageName: node
  linkType: hard

"turbo@npm:^2.3.3":
  version: 2.4.4
  resolution: "turbo@npm:2.4.4"
  dependencies:
    turbo-darwin-64: "npm:2.4.4"
    turbo-darwin-arm64: "npm:2.4.4"
    turbo-linux-64: "npm:2.4.4"
    turbo-linux-arm64: "npm:2.4.4"
    turbo-windows-64: "npm:2.4.4"
    turbo-windows-arm64: "npm:2.4.4"
  dependenciesMeta:
    turbo-darwin-64:
      optional: true
    turbo-darwin-arm64:
      optional: true
    turbo-linux-64:
      optional: true
    turbo-linux-arm64:
      optional: true
    turbo-windows-64:
      optional: true
    turbo-windows-arm64:
      optional: true
  bin:
    turbo: bin/turbo
  checksum: 10c0/e6810cf33835bf9fba4d037a70054b408854073b03d10747bd9a681d2889dfc1897a4a4570113006ca2639fed8a4f91b86b052d4d8111e119895f1fb1804f233
  languageName: node
  linkType: hard

"typescript@npm:5.7.2":
  version: 5.7.2
  resolution: "typescript@npm:5.7.2"
  bin:
    tsc: bin/tsc
    tsserver: bin/tsserver
  checksum: 10c0/a873118b5201b2ef332127ef5c63fb9d9c155e6fdbe211cbd9d8e65877283797cca76546bad742eea36ed7efbe3424a30376818f79c7318512064e8625d61622
  languageName: node
  linkType: hard

"typescript@patch:typescript@npm%3A5.7.2#optional!builtin<compat/typescript>":
  version: 5.7.2
  resolution: "typescript@patch:typescript@npm%3A5.7.2#optional!builtin<compat/typescript>::version=5.7.2&hash=5786d5"
  bin:
    tsc: bin/tsc
    tsserver: bin/tsserver
  checksum: 10c0/f3b8082c9d1d1629a215245c9087df56cb784f9fb6f27b5d55577a20e68afe2a889c040aacff6d27e35be165ecf9dca66e694c42eb9a50b3b2c451b36b5675cb
  languageName: node
  linkType: hard

"undici-types@npm:~6.19.2":
  version: 6.19.8
  resolution: "undici-types@npm:6.19.8"
  checksum: 10c0/078afa5990fba110f6824823ace86073b4638f1d5112ee26e790155f481f2a868cc3e0615505b6f4282bdf74a3d8caad715fd809e870c2bb0704e3ea6082f344
  languageName: node
  linkType: hard

"w3c-xmlserializer@npm:^5.0.0":
  version: 5.0.0
  resolution: "w3c-xmlserializer@npm:5.0.0"
  dependencies:
    xml-name-validator: "npm:^5.0.0"
  checksum: 10c0/8712774c1aeb62dec22928bf1cdfd11426c2c9383a1a63f2bcae18db87ca574165a0fbe96b312b73652149167ac6c7f4cf5409f2eb101d9c805efe0e4bae798b
  languageName: node
  linkType: hard

"webidl-conversions@npm:^7.0.0":
  version: 7.0.0
  resolution: "webidl-conversions@npm:7.0.0"
  checksum: 10c0/228d8cb6d270c23b0720cb2d95c579202db3aaf8f633b4e9dd94ec2000a04e7e6e43b76a94509cdb30479bd00ae253ab2371a2da9f81446cc313f89a4213a2c4
  languageName: node
  linkType: hard

"whatwg-encoding@npm:^3.1.1":
  version: 3.1.1
  resolution: "whatwg-encoding@npm:3.1.1"
  dependencies:
    iconv-lite: "npm:0.6.3"
  checksum: 10c0/273b5f441c2f7fda3368a496c3009edbaa5e43b71b09728f90425e7f487e5cef9eb2b846a31bd760dd8077739c26faf6b5ca43a5f24033172b003b72cf61a93e
  languageName: node
  linkType: hard

"whatwg-mimetype@npm:^4.0.0":
  version: 4.0.0
  resolution: "whatwg-mimetype@npm:4.0.0"
  checksum: 10c0/a773cdc8126b514d790bdae7052e8bf242970cebd84af62fb2f35a33411e78e981f6c0ab9ed1fe6ec5071b09d5340ac9178e05b52d35a9c4bcf558ba1b1551df
  languageName: node
  linkType: hard

"whatwg-url@npm:^14.0.0":
  version: 14.1.1
  resolution: "whatwg-url@npm:14.1.1"
  dependencies:
    tr46: "npm:^5.0.0"
    webidl-conversions: "npm:^7.0.0"
  checksum: 10c0/de1e9cc2f04cb000f232c839d4999384ba41b680ef8a89e7c61c9bc40354ba8593c775d068faaf0819f5866e4d6ca3e7b9b386e2123aa475bfd33da02316f476
  languageName: node
  linkType: hard

"which@npm:^4.0.0":
  version: 4.0.0
  resolution: "which@npm:4.0.0"
  dependencies:
    isexe: "npm:^3.1.1"
  bin:
    node-which: bin/which.js
  checksum: 10c0/449fa5c44ed120ccecfe18c433296a4978a7583bf2391c50abce13f76878d2476defde04d0f79db8165bdf432853c1f8389d0485ca6e8ebce3bbcded513d5e6a
  languageName: node
  linkType: hard

"ws@npm:^8.18.0":
  version: 8.18.1
  resolution: "ws@npm:8.18.1"
  peerDependencies:
    bufferutil: ^4.0.1
    utf-8-validate: ">=5.0.2"
  peerDependenciesMeta:
    bufferutil:
      optional: true
    utf-8-validate:
      optional: true
  checksum: 10c0/e498965d6938c63058c4310ffb6967f07d4fa06789d3364829028af380d299fe05762961742971c764973dce3d1f6a2633fe8b2d9410c9b52e534b4b882a99fa
  languageName: node
  linkType: hard

"xml-name-validator@npm:^5.0.0":
  version: 5.0.0
  resolution: "xml-name-validator@npm:5.0.0"
  checksum: 10c0/3fcf44e7b73fb18be917fdd4ccffff3639373c7cb83f8fc35df6001fecba7942f1dbead29d91ebb8315e2f2ff786b508f0c9dc0215b6353f9983c6b7d62cb1f5
  languageName: node
  linkType: hard

"xmlchars@npm:^2.2.0":
  version: 2.2.0
  resolution: "xmlchars@npm:2.2.0"
  checksum: 10c0/b64b535861a6f310c5d9bfa10834cf49127c71922c297da9d4d1b45eeaae40bf9b4363275876088fbe2667e5db028d2cd4f8ee72eed9bede840a67d57dab7593
  languageName: node
  linkType: hard

"yaml@npm:^2.5.0":
  version: 2.7.0
  resolution: "yaml@npm:2.7.0"
  bin:
    yaml: bin.mjs
  checksum: 10c0/886a7d2abbd70704b79f1d2d05fe9fb0aa63aefb86e1cb9991837dced65193d300f5554747a872b4b10ae9a12bc5d5327e4d04205f70336e863e35e89d8f4ea9
  languageName: node
  linkType: hard

"zod-to-json-schema@npm:^3.24.3":
  version: 3.24.3
  resolution: "zod-to-json-schema@npm:3.24.3"
  peerDependencies:
    zod: ^3.24.1
  checksum: 10c0/5d626fa7a51539236962b1348a7b7e7111bd1722f23ad06dead2f76599e6bd918e4067ffba0695e0acac5a60f217b4953d2ad62ad403a482d034d94f025f3a4c
  languageName: node
  linkType: hard

"zod@npm:3.24.1":
  version: 3.24.1
  resolution: "zod@npm:3.24.1"
  checksum: 10c0/0223d21dbaa15d8928fe0da3b54696391d8e3e1e2d0283a1a070b5980a1dbba945ce631c2d1eccc088fdbad0f2dfa40155590bf83732d3ac4fcca2cc9237591b
  languageName: node
  linkType: hard
