{
  "version": "5",
  "specifiers": {
    "jsr:@skmtc/lint-plugin@0.1.0": "0.1.0",
    "npm:zod@^3.24.0": "3.25.76"
  },
  "jsr": {
    "@skmtc/lint-plugin@0.1.0": {
      "integrity": "4129941fc5e6c552139b61fd046d5b47ae225c0a4700b2eb799f4f1b9451ed2c"
    }
  },
  "npm": {
    "zod@3.25.76": {
      "integrity": "sha512-gzUt/qt81nXsFGKIFcC3YnfEAx5NkunCfnDlvuBSSFS02bcXu4Lmea0AFIUwbLWxWPx3d9p8S5QoaujKcNQxcQ=="
    }
  },
  "workspace": {
    "dependencies": [
      "npm:zod@^3.24.0"
    ]
  }
}
